// !$*UTF8*$!
{
	archiveVersion = 1;
	classes = {
	};
	objectVersion = 55;
	objects = {

/* Begin PBXBuildFile section */
		B70920462997D42E00568607 /* GoalTimeSubject.swift in Sources */ = {isa = PBXBuildFile; fileRef = B70920452997D42E00568607 /* GoalTimeSubject.swift */; };
		B722FB8F28BA169C004AEEB2 /* RegisterViewController.swift in Sources */ = {isa = PBXBuildFile; fileRef = B722FB8E28BA169C004AEEB2 /* RegisterViewController.swift */; };
		B722FB9128BA16B9004AEEB2 /* PasswordResetAuthViewController.swift in Sources */ = {isa = PBXBuildFile; fileRef = B722FB9028BA16B9004AEEB2 /* PasswordResetAuthViewController.swift */; };
		B722FB9328BA16C2004AEEB2 /* PasswordResetViewController.swift in Sources */ = {isa = PBXBuildFile; fileRef = B722FB9228BA16C2004AEEB2 /* PasswordResetViewController.swift */; };
		B722FB9528BA19DD004AEEB2 /* BHBaseViewController.swift in Sources */ = {isa = PBXBuildFile; fileRef = B722FB9428BA19DD004AEEB2 /* BHBaseViewController.swift */; };
		B727D53528B70A8500773A12 /* AppDelegate.swift in Sources */ = {isa = PBXBuildFile; fileRef = B727D53428B70A8500773A12 /* AppDelegate.swift */; };
		B727D53728B70A8500773A12 /* SceneDelegate.swift in Sources */ = {isa = PBXBuildFile; fileRef = B727D53628B70A8500773A12 /* SceneDelegate.swift */; };
		B727D53928B70A8500773A12 /* HomeViewController.swift in Sources */ = {isa = PBXBuildFile; fileRef = B727D53828B70A8500773A12 /* HomeViewController.swift */; };
		B727D53E28B70A8600773A12 /* Assets.xcassets in Resources */ = {isa = PBXBuildFile; fileRef = B727D53D28B70A8600773A12 /* Assets.xcassets */; };
		B727D54128B70A8600773A12 /* LaunchScreen.storyboard in Resources */ = {isa = PBXBuildFile; fileRef = B727D53F28B70A8600773A12 /* LaunchScreen.storyboard */; };
		B727D54C28B70A8600773A12 /* Be_HealthyTests.swift in Sources */ = {isa = PBXBuildFile; fileRef = B727D54B28B70A8600773A12 /* Be_HealthyTests.swift */; };
		B727D55628B70A8600773A12 /* Be_HealthyUITests.swift in Sources */ = {isa = PBXBuildFile; fileRef = B727D55528B70A8600773A12 /* Be_HealthyUITests.swift */; };
		B727D55828B70A8600773A12 /* Be_HealthyUITestsLaunchTests.swift in Sources */ = {isa = PBXBuildFile; fileRef = B727D55728B70A8600773A12 /* Be_HealthyUITestsLaunchTests.swift */; };
		B727D56F28B716FB00773A12 /* LoginViewController.swift in Sources */ = {isa = PBXBuildFile; fileRef = B727D56E28B716FB00773A12 /* LoginViewController.swift */; };
		B727D57228B74EBE00773A12 /* SnapKit in Frameworks */ = {isa = PBXBuildFile; productRef = B727D57128B74EBE00773A12 /* SnapKit */; };
		B727D57528B74EC900773A12 /* Then in Frameworks */ = {isa = PBXBuildFile; productRef = B727D57428B74EC900773A12 /* Then */; };
		B727D57728B75EF900773A12 /* TitleView.swift in Sources */ = {isa = PBXBuildFile; fileRef = B727D57628B75EF900773A12 /* TitleView.swift */; };
		B727D57B28B7701800773A12 /* UITextField+Extension.swift in Sources */ = {isa = PBXBuildFile; fileRef = B727D57A28B7701800773A12 /* UITextField+Extension.swift */; };
		B727D57D28B7744200773A12 /* BHTextField.swift in Sources */ = {isa = PBXBuildFile; fileRef = B727D57C28B7744200773A12 /* BHTextField.swift */; };
		B727D57F28B8568300773A12 /* UIButton+Extension.swift in Sources */ = {isa = PBXBuildFile; fileRef = B727D57E28B8568300773A12 /* UIButton+Extension.swift */; };
		B727D58128B8628800773A12 /* UIColor+Extension.swift in Sources */ = {isa = PBXBuildFile; fileRef = B727D58028B8628800773A12 /* UIColor+Extension.swift */; };
		B727D58328B88AAE00773A12 /* UIImage+Extension.swift in Sources */ = {isa = PBXBuildFile; fileRef = B727D58228B88AAE00773A12 /* UIImage+Extension.swift */; };
		B727D58728B89CA100773A12 /* BHSubmitButton.swift in Sources */ = {isa = PBXBuildFile; fileRef = B727D58628B89CA100773A12 /* BHSubmitButton.swift */; };
		B776F435290D1927009DA6B5 /* WorkoutRecord.swift in Sources */ = {isa = PBXBuildFile; fileRef = B776F434290D1927009DA6B5 /* WorkoutRecord.swift */; };
		B776F43A290D1EBD009DA6B5 /* AddWorkoutRecordViewModel.swift in Sources */ = {isa = PBXBuildFile; fileRef = B776F439290D1EBD009DA6B5 /* AddWorkoutRecordViewModel.swift */; };
		B7825BF128C19ACB005DF613 /* AddWorkoutViewController.swift in Sources */ = {isa = PBXBuildFile; fileRef = B7825BF028C19ACB005DF613 /* AddWorkoutViewController.swift */; };
		B7825BF328C1E3ED005DF613 /* IntensityButton.swift in Sources */ = {isa = PBXBuildFile; fileRef = B7825BF228C1E3ED005DF613 /* IntensityButton.swift */; };
		B7825BF728C5ACCD005DF613 /* ProfileViewController.swift in Sources */ = {isa = PBXBuildFile; fileRef = B7825BF628C5ACCD005DF613 /* ProfileViewController.swift */; };
		B7870A0C28C3330D00B07FC2 /* EmojiTextField.swift in Sources */ = {isa = PBXBuildFile; fileRef = B7870A0B28C3330D00B07FC2 /* EmojiTextField.swift */; };
		B78D0002299DF1FB00FF79F2 /* FirebaseAnalytics in Frameworks */ = {isa = PBXBuildFile; productRef = B78D0001299DF1FB00FF79F2 /* FirebaseAnalytics */; };
		B78D0004299DF1FB00FF79F2 /* FirebaseAnalyticsOnDeviceConversion in Frameworks */ = {isa = PBXBuildFile; productRef = B78D0003299DF1FB00FF79F2 /* FirebaseAnalyticsOnDeviceConversion */; };
		B78D0006299DF1FB00FF79F2 /* FirebaseAnalyticsSwift in Frameworks */ = {isa = PBXBuildFile; productRef = B78D0005299DF1FB00FF79F2 /* FirebaseAnalyticsSwift */; };
		B78D0008299DF1FB00FF79F2 /* FirebaseAnalyticsWithoutAdIdSupport in Frameworks */ = {isa = PBXBuildFile; productRef = B78D0007299DF1FB00FF79F2 /* FirebaseAnalyticsWithoutAdIdSupport */; };
		B78D000A299DF1FB00FF79F2 /* FirebaseAppCheck in Frameworks */ = {isa = PBXBuildFile; productRef = B78D0009299DF1FB00FF79F2 /* FirebaseAppCheck */; };
		B78D000C299DF1FB00FF79F2 /* FirebaseAppDistribution-Beta in Frameworks */ = {isa = PBXBuildFile; productRef = B78D000B299DF1FB00FF79F2 /* FirebaseAppDistribution-Beta */; };
		B78D000E299DF1FB00FF79F2 /* FirebaseAuth in Frameworks */ = {isa = PBXBuildFile; productRef = B78D000D299DF1FB00FF79F2 /* FirebaseAuth */; };
		B78D0010299DF1FB00FF79F2 /* FirebaseAuthCombine-Community in Frameworks */ = {isa = PBXBuildFile; productRef = B78D000F299DF1FB00FF79F2 /* FirebaseAuthCombine-Community */; };
		B78D0012299DF1FB00FF79F2 /* FirebaseCrashlytics in Frameworks */ = {isa = PBXBuildFile; productRef = B78D0011299DF1FB00FF79F2 /* FirebaseCrashlytics */; };
		B78D0014299DF1FB00FF79F2 /* FirebaseDatabase in Frameworks */ = {isa = PBXBuildFile; productRef = B78D0013299DF1FB00FF79F2 /* FirebaseDatabase */; };
		B78D0016299DF1FB00FF79F2 /* FirebaseDatabaseSwift in Frameworks */ = {isa = PBXBuildFile; productRef = B78D0015299DF1FB00FF79F2 /* FirebaseDatabaseSwift */; };
		B78D0018299DF1FB00FF79F2 /* FirebaseDynamicLinks in Frameworks */ = {isa = PBXBuildFile; productRef = B78D0017299DF1FB00FF79F2 /* FirebaseDynamicLinks */; };
		B78D001A299DF1FB00FF79F2 /* FirebaseFirestore in Frameworks */ = {isa = PBXBuildFile; productRef = B78D0019299DF1FB00FF79F2 /* FirebaseFirestore */; };
		B78D001C299DF1FB00FF79F2 /* FirebaseFirestoreCombine-Community in Frameworks */ = {isa = PBXBuildFile; productRef = B78D001B299DF1FB00FF79F2 /* FirebaseFirestoreCombine-Community */; };
		B78D001E299DF1FB00FF79F2 /* FirebaseFirestoreSwift in Frameworks */ = {isa = PBXBuildFile; productRef = B78D001D299DF1FB00FF79F2 /* FirebaseFirestoreSwift */; };
		B78D0020299DF1FB00FF79F2 /* FirebaseFunctions in Frameworks */ = {isa = PBXBuildFile; productRef = B78D001F299DF1FB00FF79F2 /* FirebaseFunctions */; };
		B78D0022299DF1FB00FF79F2 /* FirebaseFunctionsCombine-Community in Frameworks */ = {isa = PBXBuildFile; productRef = B78D0021299DF1FB00FF79F2 /* FirebaseFunctionsCombine-Community */; };
		B78D0024299DF1FB00FF79F2 /* FirebaseInAppMessaging-Beta in Frameworks */ = {isa = PBXBuildFile; productRef = B78D0023299DF1FB00FF79F2 /* FirebaseInAppMessaging-Beta */; };
		B78D0026299DF1FB00FF79F2 /* FirebaseInAppMessagingSwift-Beta in Frameworks */ = {isa = PBXBuildFile; productRef = B78D0025299DF1FB00FF79F2 /* FirebaseInAppMessagingSwift-Beta */; };
		B78D0028299DF1FB00FF79F2 /* FirebaseInstallations in Frameworks */ = {isa = PBXBuildFile; productRef = B78D0027299DF1FB00FF79F2 /* FirebaseInstallations */; };
		B78D002A299DF1FB00FF79F2 /* FirebaseMLModelDownloader in Frameworks */ = {isa = PBXBuildFile; productRef = B78D0029299DF1FB00FF79F2 /* FirebaseMLModelDownloader */; };
		B78D002C299DF1FB00FF79F2 /* FirebaseMessaging in Frameworks */ = {isa = PBXBuildFile; productRef = B78D002B299DF1FB00FF79F2 /* FirebaseMessaging */; };
		B78D002E299DF1FB00FF79F2 /* FirebasePerformance in Frameworks */ = {isa = PBXBuildFile; productRef = B78D002D299DF1FB00FF79F2 /* FirebasePerformance */; };
		B78D0030299DF1FB00FF79F2 /* FirebaseRemoteConfig in Frameworks */ = {isa = PBXBuildFile; productRef = B78D002F299DF1FB00FF79F2 /* FirebaseRemoteConfig */; };
		B78D0032299DF1FB00FF79F2 /* FirebaseRemoteConfigSwift in Frameworks */ = {isa = PBXBuildFile; productRef = B78D0031299DF1FB00FF79F2 /* FirebaseRemoteConfigSwift */; };
		B78D0034299DF1FB00FF79F2 /* FirebaseStorage in Frameworks */ = {isa = PBXBuildFile; productRef = B78D0033299DF1FB00FF79F2 /* FirebaseStorage */; };
		B78D0036299DF1FB00FF79F2 /* FirebaseStorageCombine-Community in Frameworks */ = {isa = PBXBuildFile; productRef = B78D0035299DF1FB00FF79F2 /* FirebaseStorageCombine-Community */; };
		B78DFFF52991E58B00FF79F2 /* WorkoutRecordsResultData.swift in Sources */ = {isa = PBXBuildFile; fileRef = B78DFFF42991E58B00FF79F2 /* WorkoutRecordsResultData.swift */; };
		B78DFFF72992172900FF79F2 /* CalendarCell.swift in Sources */ = {isa = PBXBuildFile; fileRef = B78DFFF62992172900FF79F2 /* CalendarCell.swift */; };
		B78DFFF92993473700FF79F2 /* Int+Extension.swift in Sources */ = {isa = PBXBuildFile; fileRef = B78DFFF82993473700FF79F2 /* Int+Extension.swift */; };
		B78DFFFC299DC9F100FF79F2 /* MyAuthenticationCredential.swift in Sources */ = {isa = PBXBuildFile; fileRef = B78DFFFB299DC9F100FF79F2 /* MyAuthenticationCredential.swift */; };
		B78DFFFE299DCA9200FF79F2 /* MyAuthenticator.swift in Sources */ = {isa = PBXBuildFile; fileRef = B78DFFFD299DCA9200FF79F2 /* MyAuthenticator.swift */; };
		B790C4C029791C3600876698 /* PinterestLayout.swift in Sources */ = {isa = PBXBuildFile; fileRef = B790C4BF29791C3600876698 /* PinterestLayout.swift */; };
		B790C4C229791CF700876698 /* Community.swift in Sources */ = {isa = PBXBuildFile; fileRef = B790C4C129791CF700876698 /* Community.swift */; };
		B790C4C42979364800876698 /* CommunityDetailBannerCell.swift in Sources */ = {isa = PBXBuildFile; fileRef = B790C4C32979364800876698 /* CommunityDetailBannerCell.swift */; };
		B790C4C72979367A00876698 /* Kingfisher in Frameworks */ = {isa = PBXBuildFile; productRef = B790C4C62979367A00876698 /* Kingfisher */; };
		B792954628BC6447007D6045 /* ToastView.swift in Sources */ = {isa = PBXBuildFile; fileRef = B792954528BC6447007D6045 /* ToastView.swift */; };
		B792954828BCA33D007D6045 /* TabBarViewController.swift in Sources */ = {isa = PBXBuildFile; fileRef = B792954728BCA33D007D6045 /* TabBarViewController.swift */; };
		B79547DB295D704B0003B7EE /* String+Validate.swift in Sources */ = {isa = PBXBuildFile; fileRef = B79547DA295D704B0003B7EE /* String+Validate.swift */; };
		B79547DD295D70530003B7EE /* UIControl+EventPublisher.swift in Sources */ = {isa = PBXBuildFile; fileRef = B79547DC295D70530003B7EE /* UIControl+EventPublisher.swift */; };
		B79547DF295D731D0003B7EE /* CustomPulbisher.swift in Sources */ = {isa = PBXBuildFile; fileRef = B79547DE295D731D0003B7EE /* CustomPulbisher.swift */; };
		B7A70AEA2973E9EE00D5628A /* CommunityFormView.swift in Sources */ = {isa = PBXBuildFile; fileRef = B7A70AE92973E9EE00D5628A /* CommunityFormView.swift */; };
		B7A70AEC2973EA0200D5628A /* CommunityDetailView.swift in Sources */ = {isa = PBXBuildFile; fileRef = B7A70AEB2973EA0200D5628A /* CommunityDetailView.swift */; };
		B7A70AEE2973EBFB00D5628A /* CommunityCell.swift in Sources */ = {isa = PBXBuildFile; fileRef = B7A70AED2973EBFB00D5628A /* CommunityCell.swift */; };
		B7AC995229840C810067A465 /* WorkoutGoalResusltData.swift in Sources */ = {isa = PBXBuildFile; fileRef = B7AC995129840C810067A465 /* WorkoutGoalResusltData.swift */; };
		B7B0206729432FE6007C04AB /* KakaoSDK in Frameworks */ = {isa = PBXBuildFile; productRef = B7B0206629432FE6007C04AB /* KakaoSDK */; };
		B7B0206929432FE6007C04AB /* KakaoSDKAuth in Frameworks */ = {isa = PBXBuildFile; productRef = B7B0206829432FE6007C04AB /* KakaoSDKAuth */; };
		B7B0206B29432FE6007C04AB /* KakaoSDKCommon in Frameworks */ = {isa = PBXBuildFile; productRef = B7B0206A29432FE6007C04AB /* KakaoSDKCommon */; };
		B7B0206D29432FE6007C04AB /* KakaoSDKShare in Frameworks */ = {isa = PBXBuildFile; productRef = B7B0206C29432FE6007C04AB /* KakaoSDKShare */; };
		B7B0206F29432FE6007C04AB /* KakaoSDKUser in Frameworks */ = {isa = PBXBuildFile; productRef = B7B0206E29432FE6007C04AB /* KakaoSDKUser */; };
		B7B0207A29433AA6007C04AB /* GoogleService-Info.plist in Resources */ = {isa = PBXBuildFile; fileRef = B7B0207929433AA6007C04AB /* GoogleService-Info.plist */; };
		B7B2E05328CF594800BD3E09 /* FSCalendar in Frameworks */ = {isa = PBXBuildFile; productRef = B7B2E05228CF594800BD3E09 /* FSCalendar */; };
		B7BDD7F728D59AEC000E644A /* TopThreeCollectionViewCell.swift in Sources */ = {isa = PBXBuildFile; fileRef = B7BDD7F528D59AEC000E644A /* TopThreeCollectionViewCell.swift */; };
		B7BDD7F828D59AEC000E644A /* TopThreeCollectionViewCell.xib in Resources */ = {isa = PBXBuildFile; fileRef = B7BDD7F628D59AEC000E644A /* TopThreeCollectionViewCell.xib */; };
		B7C17A1E28E730AE0056F8F9 /* Charts in Frameworks */ = {isa = PBXBuildFile; productRef = B7C17A1D28E730AE0056F8F9 /* Charts */; };
		B7C7BAF928EEF82100CC574E /* LeftAxisValueFormatter.swift in Sources */ = {isa = PBXBuildFile; fileRef = B7C7BAF828EEF82100CC574E /* LeftAxisValueFormatter.swift */; };
		B7CFA25F28D5B0F200E9DC12 /* RecordListCollectionViewCell.swift in Sources */ = {isa = PBXBuildFile; fileRef = B7CFA25D28D5B0F200E9DC12 /* RecordListCollectionViewCell.swift */; };
		B7CFA26028D5B0F200E9DC12 /* RecordListCollectionViewCell.xib in Resources */ = {isa = PBXBuildFile; fileRef = B7CFA25E28D5B0F200E9DC12 /* RecordListCollectionViewCell.xib */; };
		B7CFA26328D5C79000E9DC12 /* RecordListCollectionViewHeader.swift in Sources */ = {isa = PBXBuildFile; fileRef = B7CFA26128D5C79000E9DC12 /* RecordListCollectionViewHeader.swift */; };
		B7CFA26428D5C79000E9DC12 /* RecordListCollectionViewHeader.xib in Resources */ = {isa = PBXBuildFile; fileRef = B7CFA26228D5C79000E9DC12 /* RecordListCollectionViewHeader.xib */; };
		B7D01BE4298FD4CB000897AF /* RecordsRepository.swift in Sources */ = {isa = PBXBuildFile; fileRef = B7D01BE3298FD4CB000897AF /* RecordsRepository.swift */; };
		B7D01BE6298FD89C000897AF /* CalendarViewModel.swift in Sources */ = {isa = PBXBuildFile; fileRef = B7D01BE5298FD89C000897AF /* CalendarViewModel.swift */; };
		B7D1E4AF28CB68FB008C5E0C /* BHTextFieldView.swift in Sources */ = {isa = PBXBuildFile; fileRef = B7D1E4AE28CB68FB008C5E0C /* BHTextFieldView.swift */; };
		B7D1E4B128CB7075008C5E0C /* AccountSettingViewController.swift in Sources */ = {isa = PBXBuildFile; fileRef = B7D1E4B028CB7075008C5E0C /* AccountSettingViewController.swift */; };
		B7D1E4B328CB8AA5008C5E0C /* GoalTimeSettingView.swift in Sources */ = {isa = PBXBuildFile; fileRef = B7D1E4B228CB8AA5008C5E0C /* GoalTimeSettingView.swift */; };
		B7D1E4B528CBA0B5008C5E0C /* DeleteIdViewController.swift in Sources */ = {isa = PBXBuildFile; fileRef = B7D1E4B428CBA0B5008C5E0C /* DeleteIdViewController.swift */; };
		B7D442C328F6FF8C00994AD3 /* Alamofire in Frameworks */ = {isa = PBXBuildFile; productRef = B7D442C228F6FF8C00994AD3 /* Alamofire */; };
		B7D442C728F700B300994AD3 /* AuthenticationService.swift in Sources */ = {isa = PBXBuildFile; fileRef = B7D442C628F700B300994AD3 /* AuthenticationService.swift */; };
		B7D442CB28F7038300994AD3 /* SignUpResultData.swift in Sources */ = {isa = PBXBuildFile; fileRef = B7D442CA28F7038300994AD3 /* SignUpResultData.swift */; };
		B7D442CE28F7048200994AD3 /* User.swift in Sources */ = {isa = PBXBuildFile; fileRef = B7D442CD28F7048200994AD3 /* User.swift */; };
		B7D442D028F7061D00994AD3 /* LoginResultData.swift in Sources */ = {isa = PBXBuildFile; fileRef = B7D442CF28F7061D00994AD3 /* LoginResultData.swift */; };
		B7DB81F229817D510098AFAD /* AppleLoginManager.swift in Sources */ = {isa = PBXBuildFile; fileRef = B7DB81F129817D510098AFAD /* AppleLoginManager.swift */; };
		B7DB81F429818D460098AFAD /* VerificationCodeResultData.swift in Sources */ = {isa = PBXBuildFile; fileRef = B7DB81F329818D460098AFAD /* VerificationCodeResultData.swift */; };
		B7E19160295CD11A00A20F2F /* BaseViewController.swift in Sources */ = {isa = PBXBuildFile; fileRef = B7E1915F295CD11A00A20F2F /* BaseViewController.swift */; };
		B7E19164295CEC3100A20F2F /* GoalTimeSettingModalView.swift in Sources */ = {isa = PBXBuildFile; fileRef = B7E19163295CEC3100A20F2F /* GoalTimeSettingModalView.swift */; };
		B7E3A90328FAD16C005E6EB0 /* Helper.swift in Sources */ = {isa = PBXBuildFile; fileRef = B7E3A90228FAD16C005E6EB0 /* Helper.swift */; };
		B7EE73452982019E00E2F408 /* Config.swift in Sources */ = {isa = PBXBuildFile; fileRef = B7EE73442982019E00E2F408 /* Config.swift */; };
		B7EE7348298359A400E2F408 /* KakaoLoginManager.swift in Sources */ = {isa = PBXBuildFile; fileRef = B7EE7347298359A400E2F408 /* KakaoLoginManager.swift */; };
		B7EE734A2983614300E2F408 /* CommunityPrepareView.swift in Sources */ = {isa = PBXBuildFile; fileRef = B7EE73492983614300E2F408 /* CommunityPrepareView.swift */; };
		B7EE735429837DBD00E2F408 /* ResultData.swift in Sources */ = {isa = PBXBuildFile; fileRef = B7EE735329837DBD00E2F408 /* ResultData.swift */; };
		B7EE735629837FC000E2F408 /* WorkoutService.swift in Sources */ = {isa = PBXBuildFile; fileRef = B7EE735529837FC000E2F408 /* WorkoutService.swift */; };
		B7EE735829878ED800E2F408 /* JSONWebToken.swift in Sources */ = {isa = PBXBuildFile; fileRef = B7EE735729878ED800E2F408 /* JSONWebToken.swift */; };
		B7EE735B298792C300E2F408 /* JSONWebTokenHeader.swift in Sources */ = {isa = PBXBuildFile; fileRef = B7EE735A298792C300E2F408 /* JSONWebTokenHeader.swift */; };
		B7EE735D298792DD00E2F408 /* JSONWebTokenPayload.swift in Sources */ = {isa = PBXBuildFile; fileRef = B7EE735C298792DD00E2F408 /* JSONWebTokenPayload.swift */; };
		B7EFCFB4298585BF005B8ED3 /* APIResponse.swift in Sources */ = {isa = PBXBuildFile; fileRef = B7EFCFB3298585BF005B8ED3 /* APIResponse.swift */; };
		B7F2BC2E28CF4AF500413836 /* CalendarViewController.swift in Sources */ = {isa = PBXBuildFile; fileRef = B7F2BC2D28CF4AF500413836 /* CalendarViewController.swift */; };
		B7F67684293B343C008C72DC /* CommunityView.swift in Sources */ = {isa = PBXBuildFile; fileRef = B7F67683293B343C008C72DC /* CommunityView.swift */; };
		B7F67686293B5C2E008C72DC /* FirstViewController.swift in Sources */ = {isa = PBXBuildFile; fileRef = B7F67685293B5C2E008C72DC /* FirstViewController.swift */; };
/* End PBXBuildFile section */

/* Begin PBXContainerItemProxy section */
		B727D54828B70A8600773A12 /* PBXContainerItemProxy */ = {
			isa = PBXContainerItemProxy;
			containerPortal = B727D52928B70A8500773A12 /* Project object */;
			proxyType = 1;
			remoteGlobalIDString = B727D53028B70A8500773A12;
			remoteInfo = "Be-Healthy";
		};
		B727D55228B70A8600773A12 /* PBXContainerItemProxy */ = {
			isa = PBXContainerItemProxy;
			containerPortal = B727D52928B70A8500773A12 /* Project object */;
			proxyType = 1;
			remoteGlobalIDString = B727D53028B70A8500773A12;
			remoteInfo = "Be-Healthy";
		};
/* End PBXContainerItemProxy section */

/* Begin PBXFileReference section */
		B70920452997D42E00568607 /* GoalTimeSubject.swift */ = {isa = PBXFileReference; lastKnownFileType = sourcecode.swift; path = GoalTimeSubject.swift; sourceTree = "<group>"; };
		B722FB8E28BA169C004AEEB2 /* RegisterViewController.swift */ = {isa = PBXFileReference; lastKnownFileType = sourcecode.swift; path = RegisterViewController.swift; sourceTree = "<group>"; };
		B722FB9028BA16B9004AEEB2 /* PasswordResetAuthViewController.swift */ = {isa = PBXFileReference; lastKnownFileType = sourcecode.swift; path = PasswordResetAuthViewController.swift; sourceTree = "<group>"; };
		B722FB9228BA16C2004AEEB2 /* PasswordResetViewController.swift */ = {isa = PBXFileReference; lastKnownFileType = sourcecode.swift; path = PasswordResetViewController.swift; sourceTree = "<group>"; };
		B722FB9428BA19DD004AEEB2 /* BHBaseViewController.swift */ = {isa = PBXFileReference; lastKnownFileType = sourcecode.swift; path = BHBaseViewController.swift; sourceTree = "<group>"; };
		B727D53128B70A8500773A12 /* Be-Healthy.app */ = {isa = PBXFileReference; explicitFileType = wrapper.application; includeInIndex = 0; path = "Be-Healthy.app"; sourceTree = BUILT_PRODUCTS_DIR; };
		B727D53428B70A8500773A12 /* AppDelegate.swift */ = {isa = PBXFileReference; lastKnownFileType = sourcecode.swift; path = AppDelegate.swift; sourceTree = "<group>"; };
		B727D53628B70A8500773A12 /* SceneDelegate.swift */ = {isa = PBXFileReference; lastKnownFileType = sourcecode.swift; path = SceneDelegate.swift; sourceTree = "<group>"; };
		B727D53828B70A8500773A12 /* HomeViewController.swift */ = {isa = PBXFileReference; lastKnownFileType = sourcecode.swift; path = HomeViewController.swift; sourceTree = "<group>"; };
		B727D53D28B70A8600773A12 /* Assets.xcassets */ = {isa = PBXFileReference; lastKnownFileType = folder.assetcatalog; path = Assets.xcassets; sourceTree = "<group>"; };
		B727D54028B70A8600773A12 /* Base */ = {isa = PBXFileReference; lastKnownFileType = file.storyboard; name = Base; path = Base.lproj/LaunchScreen.storyboard; sourceTree = "<group>"; };
		B727D54228B70A8600773A12 /* Info.plist */ = {isa = PBXFileReference; lastKnownFileType = text.plist.xml; path = Info.plist; sourceTree = "<group>"; };
		B727D54728B70A8600773A12 /* Be-HealthyTests.xctest */ = {isa = PBXFileReference; explicitFileType = wrapper.cfbundle; includeInIndex = 0; path = "Be-HealthyTests.xctest"; sourceTree = BUILT_PRODUCTS_DIR; };
		B727D54B28B70A8600773A12 /* Be_HealthyTests.swift */ = {isa = PBXFileReference; lastKnownFileType = sourcecode.swift; path = Be_HealthyTests.swift; sourceTree = "<group>"; };
		B727D55128B70A8600773A12 /* Be-HealthyUITests.xctest */ = {isa = PBXFileReference; explicitFileType = wrapper.cfbundle; includeInIndex = 0; path = "Be-HealthyUITests.xctest"; sourceTree = BUILT_PRODUCTS_DIR; };
		B727D55528B70A8600773A12 /* Be_HealthyUITests.swift */ = {isa = PBXFileReference; lastKnownFileType = sourcecode.swift; path = Be_HealthyUITests.swift; sourceTree = "<group>"; };
		B727D55728B70A8600773A12 /* Be_HealthyUITestsLaunchTests.swift */ = {isa = PBXFileReference; lastKnownFileType = sourcecode.swift; path = Be_HealthyUITestsLaunchTests.swift; sourceTree = "<group>"; };
		B727D56E28B716FB00773A12 /* LoginViewController.swift */ = {isa = PBXFileReference; lastKnownFileType = sourcecode.swift; path = LoginViewController.swift; sourceTree = "<group>"; };
		B727D57628B75EF900773A12 /* TitleView.swift */ = {isa = PBXFileReference; lastKnownFileType = sourcecode.swift; path = TitleView.swift; sourceTree = "<group>"; };
		B727D57A28B7701800773A12 /* UITextField+Extension.swift */ = {isa = PBXFileReference; lastKnownFileType = sourcecode.swift; path = "UITextField+Extension.swift"; sourceTree = "<group>"; };
		B727D57C28B7744200773A12 /* BHTextField.swift */ = {isa = PBXFileReference; lastKnownFileType = sourcecode.swift; path = BHTextField.swift; sourceTree = "<group>"; };
		B727D57E28B8568300773A12 /* UIButton+Extension.swift */ = {isa = PBXFileReference; lastKnownFileType = sourcecode.swift; path = "UIButton+Extension.swift"; sourceTree = "<group>"; };
		B727D58028B8628800773A12 /* UIColor+Extension.swift */ = {isa = PBXFileReference; lastKnownFileType = sourcecode.swift; path = "UIColor+Extension.swift"; sourceTree = "<group>"; };
		B727D58228B88AAE00773A12 /* UIImage+Extension.swift */ = {isa = PBXFileReference; lastKnownFileType = sourcecode.swift; path = "UIImage+Extension.swift"; sourceTree = "<group>"; };
		B727D58628B89CA100773A12 /* BHSubmitButton.swift */ = {isa = PBXFileReference; lastKnownFileType = sourcecode.swift; path = BHSubmitButton.swift; sourceTree = "<group>"; };
		B751B648297FC90D002D0BC3 /* Be-Healthy.entitlements */ = {isa = PBXFileReference; lastKnownFileType = text.plist.entitlements; path = "Be-Healthy.entitlements"; sourceTree = "<group>"; };
		B776F434290D1927009DA6B5 /* WorkoutRecord.swift */ = {isa = PBXFileReference; lastKnownFileType = sourcecode.swift; path = WorkoutRecord.swift; sourceTree = "<group>"; };
		B776F439290D1EBD009DA6B5 /* AddWorkoutRecordViewModel.swift */ = {isa = PBXFileReference; lastKnownFileType = sourcecode.swift; path = AddWorkoutRecordViewModel.swift; sourceTree = "<group>"; };
		B7825BF028C19ACB005DF613 /* AddWorkoutViewController.swift */ = {isa = PBXFileReference; lastKnownFileType = sourcecode.swift; path = AddWorkoutViewController.swift; sourceTree = "<group>"; };
		B7825BF228C1E3ED005DF613 /* IntensityButton.swift */ = {isa = PBXFileReference; lastKnownFileType = sourcecode.swift; path = IntensityButton.swift; sourceTree = "<group>"; };
		B7825BF628C5ACCD005DF613 /* ProfileViewController.swift */ = {isa = PBXFileReference; lastKnownFileType = sourcecode.swift; path = ProfileViewController.swift; sourceTree = "<group>"; };
		B7870A0B28C3330D00B07FC2 /* EmojiTextField.swift */ = {isa = PBXFileReference; lastKnownFileType = sourcecode.swift; path = EmojiTextField.swift; sourceTree = "<group>"; };
		B78DFFF42991E58B00FF79F2 /* WorkoutRecordsResultData.swift */ = {isa = PBXFileReference; lastKnownFileType = sourcecode.swift; path = WorkoutRecordsResultData.swift; sourceTree = "<group>"; };
		B78DFFF62992172900FF79F2 /* CalendarCell.swift */ = {isa = PBXFileReference; lastKnownFileType = sourcecode.swift; path = CalendarCell.swift; sourceTree = "<group>"; };
		B78DFFF82993473700FF79F2 /* Int+Extension.swift */ = {isa = PBXFileReference; lastKnownFileType = sourcecode.swift; path = "Int+Extension.swift"; sourceTree = "<group>"; };
		B78DFFFB299DC9F100FF79F2 /* MyAuthenticationCredential.swift */ = {isa = PBXFileReference; lastKnownFileType = sourcecode.swift; path = MyAuthenticationCredential.swift; sourceTree = "<group>"; };
		B78DFFFD299DCA9200FF79F2 /* MyAuthenticator.swift */ = {isa = PBXFileReference; lastKnownFileType = sourcecode.swift; path = MyAuthenticator.swift; sourceTree = "<group>"; };
		B790C4BF29791C3600876698 /* PinterestLayout.swift */ = {isa = PBXFileReference; lastKnownFileType = sourcecode.swift; path = PinterestLayout.swift; sourceTree = "<group>"; };
		B790C4C129791CF700876698 /* Community.swift */ = {isa = PBXFileReference; lastKnownFileType = sourcecode.swift; path = Community.swift; sourceTree = "<group>"; };
		B790C4C32979364800876698 /* CommunityDetailBannerCell.swift */ = {isa = PBXFileReference; lastKnownFileType = sourcecode.swift; path = CommunityDetailBannerCell.swift; sourceTree = "<group>"; };
		B792954528BC6447007D6045 /* ToastView.swift */ = {isa = PBXFileReference; lastKnownFileType = sourcecode.swift; path = ToastView.swift; sourceTree = "<group>"; };
		B792954728BCA33D007D6045 /* TabBarViewController.swift */ = {isa = PBXFileReference; lastKnownFileType = sourcecode.swift; path = TabBarViewController.swift; sourceTree = "<group>"; };
		B79547DA295D704B0003B7EE /* String+Validate.swift */ = {isa = PBXFileReference; lastKnownFileType = sourcecode.swift; path = "String+Validate.swift"; sourceTree = "<group>"; };
		B79547DC295D70530003B7EE /* UIControl+EventPublisher.swift */ = {isa = PBXFileReference; lastKnownFileType = sourcecode.swift; path = "UIControl+EventPublisher.swift"; sourceTree = "<group>"; };
		B79547DE295D731D0003B7EE /* CustomPulbisher.swift */ = {isa = PBXFileReference; lastKnownFileType = sourcecode.swift; path = CustomPulbisher.swift; sourceTree = "<group>"; };
		B7A70AE92973E9EE00D5628A /* CommunityFormView.swift */ = {isa = PBXFileReference; lastKnownFileType = sourcecode.swift; path = CommunityFormView.swift; sourceTree = "<group>"; };
		B7A70AEB2973EA0200D5628A /* CommunityDetailView.swift */ = {isa = PBXFileReference; lastKnownFileType = sourcecode.swift; path = CommunityDetailView.swift; sourceTree = "<group>"; };
		B7A70AED2973EBFB00D5628A /* CommunityCell.swift */ = {isa = PBXFileReference; lastKnownFileType = sourcecode.swift; path = CommunityCell.swift; sourceTree = "<group>"; };
		B7AC995129840C810067A465 /* WorkoutGoalResusltData.swift */ = {isa = PBXFileReference; lastKnownFileType = sourcecode.swift; path = WorkoutGoalResusltData.swift; sourceTree = "<group>"; };
		B7B0207929433AA6007C04AB /* GoogleService-Info.plist */ = {isa = PBXFileReference; fileEncoding = 4; lastKnownFileType = text.plist.xml; path = "GoogleService-Info.plist"; sourceTree = "<group>"; };
		B7BDD7F528D59AEC000E644A /* TopThreeCollectionViewCell.swift */ = {isa = PBXFileReference; lastKnownFileType = sourcecode.swift; path = TopThreeCollectionViewCell.swift; sourceTree = "<group>"; };
		B7BDD7F628D59AEC000E644A /* TopThreeCollectionViewCell.xib */ = {isa = PBXFileReference; lastKnownFileType = file.xib; path = TopThreeCollectionViewCell.xib; sourceTree = "<group>"; };
		B7C7BAF828EEF82100CC574E /* LeftAxisValueFormatter.swift */ = {isa = PBXFileReference; lastKnownFileType = sourcecode.swift; path = LeftAxisValueFormatter.swift; sourceTree = "<group>"; };
		B7CFA25D28D5B0F200E9DC12 /* RecordListCollectionViewCell.swift */ = {isa = PBXFileReference; lastKnownFileType = sourcecode.swift; path = RecordListCollectionViewCell.swift; sourceTree = "<group>"; };
		B7CFA25E28D5B0F200E9DC12 /* RecordListCollectionViewCell.xib */ = {isa = PBXFileReference; lastKnownFileType = file.xib; path = RecordListCollectionViewCell.xib; sourceTree = "<group>"; };
		B7CFA26128D5C79000E9DC12 /* RecordListCollectionViewHeader.swift */ = {isa = PBXFileReference; lastKnownFileType = sourcecode.swift; path = RecordListCollectionViewHeader.swift; sourceTree = "<group>"; };
		B7CFA26228D5C79000E9DC12 /* RecordListCollectionViewHeader.xib */ = {isa = PBXFileReference; lastKnownFileType = file.xib; path = RecordListCollectionViewHeader.xib; sourceTree = "<group>"; };
		B7D01BE3298FD4CB000897AF /* RecordsRepository.swift */ = {isa = PBXFileReference; lastKnownFileType = sourcecode.swift; path = RecordsRepository.swift; sourceTree = "<group>"; };
		B7D01BE5298FD89C000897AF /* CalendarViewModel.swift */ = {isa = PBXFileReference; lastKnownFileType = sourcecode.swift; path = CalendarViewModel.swift; sourceTree = "<group>"; };
		B7D1E4AE28CB68FB008C5E0C /* BHTextFieldView.swift */ = {isa = PBXFileReference; lastKnownFileType = sourcecode.swift; path = BHTextFieldView.swift; sourceTree = "<group>"; };
		B7D1E4B028CB7075008C5E0C /* AccountSettingViewController.swift */ = {isa = PBXFileReference; lastKnownFileType = sourcecode.swift; path = AccountSettingViewController.swift; sourceTree = "<group>"; };
		B7D1E4B228CB8AA5008C5E0C /* GoalTimeSettingView.swift */ = {isa = PBXFileReference; lastKnownFileType = sourcecode.swift; path = GoalTimeSettingView.swift; sourceTree = "<group>"; };
		B7D1E4B428CBA0B5008C5E0C /* DeleteIdViewController.swift */ = {isa = PBXFileReference; lastKnownFileType = sourcecode.swift; path = DeleteIdViewController.swift; sourceTree = "<group>"; };
		B7D442C628F700B300994AD3 /* AuthenticationService.swift */ = {isa = PBXFileReference; lastKnownFileType = sourcecode.swift; path = AuthenticationService.swift; sourceTree = "<group>"; };
		B7D442CA28F7038300994AD3 /* SignUpResultData.swift */ = {isa = PBXFileReference; lastKnownFileType = sourcecode.swift; path = SignUpResultData.swift; sourceTree = "<group>"; };
		B7D442CD28F7048200994AD3 /* User.swift */ = {isa = PBXFileReference; lastKnownFileType = sourcecode.swift; path = User.swift; sourceTree = "<group>"; };
		B7D442CF28F7061D00994AD3 /* LoginResultData.swift */ = {isa = PBXFileReference; lastKnownFileType = sourcecode.swift; path = LoginResultData.swift; sourceTree = "<group>"; };
		B7DB81F129817D510098AFAD /* AppleLoginManager.swift */ = {isa = PBXFileReference; lastKnownFileType = sourcecode.swift; path = AppleLoginManager.swift; sourceTree = "<group>"; };
		B7DB81F329818D460098AFAD /* VerificationCodeResultData.swift */ = {isa = PBXFileReference; lastKnownFileType = sourcecode.swift; path = VerificationCodeResultData.swift; sourceTree = "<group>"; };
		B7E1915F295CD11A00A20F2F /* BaseViewController.swift */ = {isa = PBXFileReference; lastKnownFileType = sourcecode.swift; path = BaseViewController.swift; sourceTree = "<group>"; };
		B7E19163295CEC3100A20F2F /* GoalTimeSettingModalView.swift */ = {isa = PBXFileReference; lastKnownFileType = sourcecode.swift; path = GoalTimeSettingModalView.swift; sourceTree = "<group>"; };
		B7E3A90228FAD16C005E6EB0 /* Helper.swift */ = {isa = PBXFileReference; lastKnownFileType = sourcecode.swift; path = Helper.swift; sourceTree = "<group>"; };
		B7EE73442982019E00E2F408 /* Config.swift */ = {isa = PBXFileReference; lastKnownFileType = sourcecode.swift; path = Config.swift; sourceTree = "<group>"; };
		B7EE7347298359A400E2F408 /* KakaoLoginManager.swift */ = {isa = PBXFileReference; lastKnownFileType = sourcecode.swift; path = KakaoLoginManager.swift; sourceTree = "<group>"; };
		B7EE73492983614300E2F408 /* CommunityPrepareView.swift */ = {isa = PBXFileReference; lastKnownFileType = sourcecode.swift; path = CommunityPrepareView.swift; sourceTree = "<group>"; };
		B7EE735329837DBD00E2F408 /* ResultData.swift */ = {isa = PBXFileReference; lastKnownFileType = sourcecode.swift; path = ResultData.swift; sourceTree = "<group>"; };
		B7EE735529837FC000E2F408 /* WorkoutService.swift */ = {isa = PBXFileReference; lastKnownFileType = sourcecode.swift; path = WorkoutService.swift; sourceTree = "<group>"; };
		B7EE735729878ED800E2F408 /* JSONWebToken.swift */ = {isa = PBXFileReference; lastKnownFileType = sourcecode.swift; path = JSONWebToken.swift; sourceTree = "<group>"; };
		B7EE735A298792C300E2F408 /* JSONWebTokenHeader.swift */ = {isa = PBXFileReference; lastKnownFileType = sourcecode.swift; path = JSONWebTokenHeader.swift; sourceTree = "<group>"; };
		B7EE735C298792DD00E2F408 /* JSONWebTokenPayload.swift */ = {isa = PBXFileReference; lastKnownFileType = sourcecode.swift; path = JSONWebTokenPayload.swift; sourceTree = "<group>"; };
		B7EFCFB3298585BF005B8ED3 /* APIResponse.swift */ = {isa = PBXFileReference; lastKnownFileType = sourcecode.swift; path = APIResponse.swift; sourceTree = "<group>"; };
		B7F2BC2D28CF4AF500413836 /* CalendarViewController.swift */ = {isa = PBXFileReference; lastKnownFileType = sourcecode.swift; path = CalendarViewController.swift; sourceTree = "<group>"; };
		B7F67683293B343C008C72DC /* CommunityView.swift */ = {isa = PBXFileReference; lastKnownFileType = sourcecode.swift; path = CommunityView.swift; sourceTree = "<group>"; };
		B7F67685293B5C2E008C72DC /* FirstViewController.swift */ = {isa = PBXFileReference; lastKnownFileType = sourcecode.swift; path = FirstViewController.swift; sourceTree = "<group>"; };
/* End PBXFileReference section */

/* Begin PBXFrameworksBuildPhase section */
		B727D52E28B70A8500773A12 /* Frameworks */ = {
			isa = PBXFrameworksBuildPhase;
			buildActionMask = 2147483647;
			files = (
				B78D000A299DF1FB00FF79F2 /* FirebaseAppCheck in Frameworks */,
				B7B0206B29432FE6007C04AB /* KakaoSDKCommon in Frameworks */,
				B78D0028299DF1FB00FF79F2 /* FirebaseInstallations in Frameworks */,
				B78D0008299DF1FB00FF79F2 /* FirebaseAnalyticsWithoutAdIdSupport in Frameworks */,
				B7B0206929432FE6007C04AB /* KakaoSDKAuth in Frameworks */,
				B78D0002299DF1FB00FF79F2 /* FirebaseAnalytics in Frameworks */,
				B78D0036299DF1FB00FF79F2 /* FirebaseStorageCombine-Community in Frameworks */,
				B78D001A299DF1FB00FF79F2 /* FirebaseFirestore in Frameworks */,
				B78D0004299DF1FB00FF79F2 /* FirebaseAnalyticsOnDeviceConversion in Frameworks */,
				B78D0022299DF1FB00FF79F2 /* FirebaseFunctionsCombine-Community in Frameworks */,
				B78D002C299DF1FB00FF79F2 /* FirebaseMessaging in Frameworks */,
				B78D0034299DF1FB00FF79F2 /* FirebaseStorage in Frameworks */,
				B78D001E299DF1FB00FF79F2 /* FirebaseFirestoreSwift in Frameworks */,
				B78D0006299DF1FB00FF79F2 /* FirebaseAnalyticsSwift in Frameworks */,
				B78D001C299DF1FB00FF79F2 /* FirebaseFirestoreCombine-Community in Frameworks */,
				B790C4C72979367A00876698 /* Kingfisher in Frameworks */,
				B78D0016299DF1FB00FF79F2 /* FirebaseDatabaseSwift in Frameworks */,
				B78D0018299DF1FB00FF79F2 /* FirebaseDynamicLinks in Frameworks */,
				B78D0024299DF1FB00FF79F2 /* FirebaseInAppMessaging-Beta in Frameworks */,
				B7D442C328F6FF8C00994AD3 /* Alamofire in Frameworks */,
				B727D57228B74EBE00773A12 /* SnapKit in Frameworks */,
				B7B2E05328CF594800BD3E09 /* FSCalendar in Frameworks */,
				B78D002A299DF1FB00FF79F2 /* FirebaseMLModelDownloader in Frameworks */,
				B78D0032299DF1FB00FF79F2 /* FirebaseRemoteConfigSwift in Frameworks */,
				B727D57528B74EC900773A12 /* Then in Frameworks */,
				B78D0014299DF1FB00FF79F2 /* FirebaseDatabase in Frameworks */,
				B7C17A1E28E730AE0056F8F9 /* Charts in Frameworks */,
				B78D0030299DF1FB00FF79F2 /* FirebaseRemoteConfig in Frameworks */,
				B78D000E299DF1FB00FF79F2 /* FirebaseAuth in Frameworks */,
				B78D0026299DF1FB00FF79F2 /* FirebaseInAppMessagingSwift-Beta in Frameworks */,
				B78D002E299DF1FB00FF79F2 /* FirebasePerformance in Frameworks */,
				B7B0206729432FE6007C04AB /* KakaoSDK in Frameworks */,
				B78D0020299DF1FB00FF79F2 /* FirebaseFunctions in Frameworks */,
				B78D000C299DF1FB00FF79F2 /* FirebaseAppDistribution-Beta in Frameworks */,
				B7B0206F29432FE6007C04AB /* KakaoSDKUser in Frameworks */,
				B78D0012299DF1FB00FF79F2 /* FirebaseCrashlytics in Frameworks */,
				B78D0010299DF1FB00FF79F2 /* FirebaseAuthCombine-Community in Frameworks */,
				B7B0206D29432FE6007C04AB /* KakaoSDKShare in Frameworks */,
			);
			runOnlyForDeploymentPostprocessing = 0;
		};
		B727D54428B70A8600773A12 /* Frameworks */ = {
			isa = PBXFrameworksBuildPhase;
			buildActionMask = 2147483647;
			files = (
			);
			runOnlyForDeploymentPostprocessing = 0;
		};
		B727D54E28B70A8600773A12 /* Frameworks */ = {
			isa = PBXFrameworksBuildPhase;
			buildActionMask = 2147483647;
			files = (
			);
			runOnlyForDeploymentPostprocessing = 0;
		};
/* End PBXFrameworksBuildPhase section */

/* Begin PBXGroup section */
		B727D52828B70A8500773A12 = {
			isa = PBXGroup;
			children = (
				B727D53328B70A8500773A12 /* Be-Healthy */,
				B727D54A28B70A8600773A12 /* Be-HealthyTests */,
				B727D55428B70A8600773A12 /* Be-HealthyUITests */,
				B727D53228B70A8500773A12 /* Products */,
			);
			sourceTree = "<group>";
		};
		B727D53228B70A8500773A12 /* Products */ = {
			isa = PBXGroup;
			children = (
				B727D53128B70A8500773A12 /* Be-Healthy.app */,
				B727D54728B70A8600773A12 /* Be-HealthyTests.xctest */,
				B727D55128B70A8600773A12 /* Be-HealthyUITests.xctest */,
			);
			name = Products;
			sourceTree = "<group>";
		};
		B727D53328B70A8500773A12 /* Be-Healthy */ = {
			isa = PBXGroup;
			children = (
				B751B648297FC90D002D0BC3 /* Be-Healthy.entitlements */,
				B727D56428B7147A00773A12 /* App */,
				B727D56628B7158E00773A12 /* Helper */,
				B7D442C428F7009600994AD3 /* VO */,
				B776F430290D17BE009DA6B5 /* ViewModel */,
				B7D01BE2298FD4B2000897AF /* Data */,
				B7D442CC28F7047300994AD3 /* Model */,
				B7D442C528F7009E00994AD3 /* Services */,
				B727D56828B7166E00773A12 /* Component */,
				B727D56B28B716BD00773A12 /* UserInterfaces */,
				B727D53D28B70A8600773A12 /* Assets.xcassets */,
				B727D53F28B70A8600773A12 /* LaunchScreen.storyboard */,
				B7B0207929433AA6007C04AB /* GoogleService-Info.plist */,
				B727D54228B70A8600773A12 /* Info.plist */,
			);
			path = "Be-Healthy";
			sourceTree = "<group>";
		};
		B727D54A28B70A8600773A12 /* Be-HealthyTests */ = {
			isa = PBXGroup;
			children = (
				B727D54B28B70A8600773A12 /* Be_HealthyTests.swift */,
			);
			path = "Be-HealthyTests";
			sourceTree = "<group>";
		};
		B727D55428B70A8600773A12 /* Be-HealthyUITests */ = {
			isa = PBXGroup;
			children = (
				B727D55528B70A8600773A12 /* Be_HealthyUITests.swift */,
				B727D55728B70A8600773A12 /* Be_HealthyUITestsLaunchTests.swift */,
			);
			path = "Be-HealthyUITests";
			sourceTree = "<group>";
		};
		B727D56428B7147A00773A12 /* App */ = {
			isa = PBXGroup;
			children = (
				B727D53428B70A8500773A12 /* AppDelegate.swift */,
				B727D53628B70A8500773A12 /* SceneDelegate.swift */,
				B7EE73442982019E00E2F408 /* Config.swift */,
			);
			path = App;
			sourceTree = "<group>";
		};
		B727D56628B7158E00773A12 /* Helper */ = {
			isa = PBXGroup;
			children = (
				B79547D9295D702B0003B7EE /* Extension */,
				B7EE7359298792B200E2F408 /* JWT */,
				B7E3A90228FAD16C005E6EB0 /* Helper.swift */,
				B7C7BAF828EEF82100CC574E /* LeftAxisValueFormatter.swift */,
				B79547DE295D731D0003B7EE /* CustomPulbisher.swift */,
			);
			path = Helper;
			sourceTree = "<group>";
		};
		B727D56828B7166E00773A12 /* Component */ = {
			isa = PBXGroup;
			children = (
				B7E19162295CEBFD00A20F2F /* Modal */,
				B7E19161295CEBF400A20F2F /* Old */,
				B727D57628B75EF900773A12 /* TitleView.swift */,
				B792954528BC6447007D6045 /* ToastView.swift */,
				B7825BF228C1E3ED005DF613 /* IntensityButton.swift */,
				B7870A0B28C3330D00B07FC2 /* EmojiTextField.swift */,
				B727D57C28B7744200773A12 /* BHTextField.swift */,
				B7D1E4AE28CB68FB008C5E0C /* BHTextFieldView.swift */,
				B727D58628B89CA100773A12 /* BHSubmitButton.swift */,
				B7E1915F295CD11A00A20F2F /* BaseViewController.swift */,
				B790C4BF29791C3600876698 /* PinterestLayout.swift */,
			);
			path = Component;
			sourceTree = "<group>";
		};
		B727D56B28B716BD00773A12 /* UserInterfaces */ = {
			isa = PBXGroup;
			children = (
				B792954928BCA344007D6045 /* Layout */,
				B727D56C28B716CD00773A12 /* Authentication */,
				B7825BF428C596FC005DF613 /* AddWorkout */,
				B7F67682293B3427008C72DC /* Community */,
				B7825BF528C5ACBC005DF613 /* Profile */,
				B7F2BC2C28CF4AE300413836 /* Calendar */,
				B727D53828B70A8500773A12 /* HomeViewController.swift */,
			);
			path = UserInterfaces;
			sourceTree = "<group>";
		};
		B727D56C28B716CD00773A12 /* Authentication */ = {
			isa = PBXGroup;
			children = (
				B7D70A3629683E480091D172 /* Old */,
				B727D56E28B716FB00773A12 /* LoginViewController.swift */,
				B722FB8E28BA169C004AEEB2 /* RegisterViewController.swift */,
				B722FB9228BA16C2004AEEB2 /* PasswordResetViewController.swift */,
				B7F67685293B5C2E008C72DC /* FirstViewController.swift */,
			);
			path = Authentication;
			sourceTree = "<group>";
		};
		B776F42F290D1624009DA6B5 /* Authentication */ = {
			isa = PBXGroup;
			children = (
				B7D442CA28F7038300994AD3 /* SignUpResultData.swift */,
				B7D442CF28F7061D00994AD3 /* LoginResultData.swift */,
				B7DB81F329818D460098AFAD /* VerificationCodeResultData.swift */,
			);
			path = Authentication;
			sourceTree = "<group>";
		};
		B776F430290D17BE009DA6B5 /* ViewModel */ = {
			isa = PBXGroup;
			children = (
				B776F439290D1EBD009DA6B5 /* AddWorkoutRecordViewModel.swift */,
				B7D01BE5298FD89C000897AF /* CalendarViewModel.swift */,
			);
			path = ViewModel;
			sourceTree = "<group>";
		};
		B7825BF428C596FC005DF613 /* AddWorkout */ = {
			isa = PBXGroup;
			children = (
				B7825BF028C19ACB005DF613 /* AddWorkoutViewController.swift */,
			);
			path = AddWorkout;
			sourceTree = "<group>";
		};
		B7825BF528C5ACBC005DF613 /* Profile */ = {
			isa = PBXGroup;
			children = (
				B7825BF628C5ACCD005DF613 /* ProfileViewController.swift */,
				B7D1E4B028CB7075008C5E0C /* AccountSettingViewController.swift */,
				B7D1E4B228CB8AA5008C5E0C /* GoalTimeSettingView.swift */,
				B7D1E4B428CBA0B5008C5E0C /* DeleteIdViewController.swift */,
			);
			path = Profile;
			sourceTree = "<group>";
		};
		B78DFFFA299DBADD00FF79F2 /* JWT */ = {
			isa = PBXGroup;
			children = (
				B78DFFFB299DC9F100FF79F2 /* MyAuthenticationCredential.swift */,
				B78DFFFD299DCA9200FF79F2 /* MyAuthenticator.swift */,
			);
			path = JWT;
			sourceTree = "<group>";
		};
		B792954928BCA344007D6045 /* Layout */ = {
			isa = PBXGroup;
			children = (
				B792954728BCA33D007D6045 /* TabBarViewController.swift */,
			);
			path = Layout;
			sourceTree = "<group>";
		};
		B79547D9295D702B0003B7EE /* Extension */ = {
			isa = PBXGroup;
			children = (
				B727D57A28B7701800773A12 /* UITextField+Extension.swift */,
				B727D57E28B8568300773A12 /* UIButton+Extension.swift */,
				B727D58028B8628800773A12 /* UIColor+Extension.swift */,
				B727D58228B88AAE00773A12 /* UIImage+Extension.swift */,
				B79547DA295D704B0003B7EE /* String+Validate.swift */,
				B79547DC295D70530003B7EE /* UIControl+EventPublisher.swift */,
				B78DFFF82993473700FF79F2 /* Int+Extension.swift */,
			);
			path = Extension;
			sourceTree = "<group>";
		};
		B7A70AE82973E9D400D5628A /* Cells */ = {
			isa = PBXGroup;
			children = (
				B7A70AED2973EBFB00D5628A /* CommunityCell.swift */,
				B790C4C32979364800876698 /* CommunityDetailBannerCell.swift */,
			);
			path = Cells;
			sourceTree = "<group>";
		};
		B7AC995029840C6C0067A465 /* Workout */ = {
			isa = PBXGroup;
			children = (
				B7AC995129840C810067A465 /* WorkoutGoalResusltData.swift */,
				B78DFFF42991E58B00FF79F2 /* WorkoutRecordsResultData.swift */,
			);
			path = Workout;
			sourceTree = "<group>";
		};
		B7BDD7F428D59A86000E644A /* Cells */ = {
			isa = PBXGroup;
			children = (
				B7BDD7F528D59AEC000E644A /* TopThreeCollectionViewCell.swift */,
				B7BDD7F628D59AEC000E644A /* TopThreeCollectionViewCell.xib */,
				B7CFA25D28D5B0F200E9DC12 /* RecordListCollectionViewCell.swift */,
				B7CFA25E28D5B0F200E9DC12 /* RecordListCollectionViewCell.xib */,
				B7CFA26128D5C79000E9DC12 /* RecordListCollectionViewHeader.swift */,
				B7CFA26228D5C79000E9DC12 /* RecordListCollectionViewHeader.xib */,
				B78DFFF62992172900FF79F2 /* CalendarCell.swift */,
			);
			path = Cells;
			sourceTree = "<group>";
		};
		B7D01BE2298FD4B2000897AF /* Data */ = {
			isa = PBXGroup;
			children = (
				B7D01BE3298FD4CB000897AF /* RecordsRepository.swift */,
				B70920452997D42E00568607 /* GoalTimeSubject.swift */,
			);
			path = Data;
			sourceTree = "<group>";
		};
		B7D442C428F7009600994AD3 /* VO */ = {
			isa = PBXGroup;
			children = (
				B776F42F290D1624009DA6B5 /* Authentication */,
				B7AC995029840C6C0067A465 /* Workout */,
				B7EE735329837DBD00E2F408 /* ResultData.swift */,
				B7EFCFB3298585BF005B8ED3 /* APIResponse.swift */,
			);
			path = VO;
			sourceTree = "<group>";
		};
		B7D442C528F7009E00994AD3 /* Services */ = {
			isa = PBXGroup;
			children = (
				B78DFFFA299DBADD00FF79F2 /* JWT */,
				B7DB81F029817D430098AFAD /* SocialLogin */,
				B7D442C628F700B300994AD3 /* AuthenticationService.swift */,
				B7EE735529837FC000E2F408 /* WorkoutService.swift */,
			);
			path = Services;
			sourceTree = "<group>";
		};
		B7D442CC28F7047300994AD3 /* Model */ = {
			isa = PBXGroup;
			children = (
				B7D442CD28F7048200994AD3 /* User.swift */,
				B776F434290D1927009DA6B5 /* WorkoutRecord.swift */,
				B790C4C129791CF700876698 /* Community.swift */,
			);
			path = Model;
			sourceTree = "<group>";
		};
		B7D70A3629683E480091D172 /* Old */ = {
			isa = PBXGroup;
			children = (
				B722FB9028BA16B9004AEEB2 /* PasswordResetAuthViewController.swift */,
			);
			path = Old;
			sourceTree = "<group>";
		};
		B7DB81F029817D430098AFAD /* SocialLogin */ = {
			isa = PBXGroup;
			children = (
				B7DB81F129817D510098AFAD /* AppleLoginManager.swift */,
				B7EE7347298359A400E2F408 /* KakaoLoginManager.swift */,
			);
			path = SocialLogin;
			sourceTree = "<group>";
		};
		B7E19161295CEBF400A20F2F /* Old */ = {
			isa = PBXGroup;
			children = (
				B722FB9428BA19DD004AEEB2 /* BHBaseViewController.swift */,
			);
			path = Old;
			sourceTree = "<group>";
		};
		B7E19162295CEBFD00A20F2F /* Modal */ = {
			isa = PBXGroup;
			children = (
				B7E19163295CEC3100A20F2F /* GoalTimeSettingModalView.swift */,
			);
			path = Modal;
			sourceTree = "<group>";
		};
		B7EE7359298792B200E2F408 /* JWT */ = {
			isa = PBXGroup;
			children = (
				B7EE735729878ED800E2F408 /* JSONWebToken.swift */,
				B7EE735A298792C300E2F408 /* JSONWebTokenHeader.swift */,
				B7EE735C298792DD00E2F408 /* JSONWebTokenPayload.swift */,
			);
			path = JWT;
			sourceTree = "<group>";
		};
		B7F2BC2C28CF4AE300413836 /* Calendar */ = {
			isa = PBXGroup;
			children = (
				B7BDD7F428D59A86000E644A /* Cells */,
				B7F2BC2D28CF4AF500413836 /* CalendarViewController.swift */,
			);
			path = Calendar;
			sourceTree = "<group>";
		};
		B7F67682293B3427008C72DC /* Community */ = {
			isa = PBXGroup;
			children = (
				B7A70AE82973E9D400D5628A /* Cells */,
				B7F67683293B343C008C72DC /* CommunityView.swift */,
				B7A70AE92973E9EE00D5628A /* CommunityFormView.swift */,
				B7A70AEB2973EA0200D5628A /* CommunityDetailView.swift */,
				B7EE73492983614300E2F408 /* CommunityPrepareView.swift */,
			);
			path = Community;
			sourceTree = "<group>";
		};
/* End PBXGroup section */

/* Begin PBXNativeTarget section */
		B727D53028B70A8500773A12 /* Be-Healthy */ = {
			isa = PBXNativeTarget;
			buildConfigurationList = B727D55B28B70A8600773A12 /* Build configuration list for PBXNativeTarget "Be-Healthy" */;
			buildPhases = (
				B727D52D28B70A8500773A12 /* Sources */,
				B727D52E28B70A8500773A12 /* Frameworks */,
				B727D52F28B70A8500773A12 /* Resources */,
				B7B0207B29433B1B007C04AB /* ShellScript */,
			);
			buildRules = (
			);
			dependencies = (
			);
			name = "Be-Healthy";
			packageProductDependencies = (
				B727D57128B74EBE00773A12 /* SnapKit */,
				B727D57428B74EC900773A12 /* Then */,
				B7B2E05228CF594800BD3E09 /* FSCalendar */,
				B7C17A1D28E730AE0056F8F9 /* Charts */,
				B7D442C228F6FF8C00994AD3 /* Alamofire */,
				B7B0206629432FE6007C04AB /* KakaoSDK */,
				B7B0206829432FE6007C04AB /* KakaoSDKAuth */,
				B7B0206A29432FE6007C04AB /* KakaoSDKCommon */,
				B7B0206C29432FE6007C04AB /* KakaoSDKShare */,
				B7B0206E29432FE6007C04AB /* KakaoSDKUser */,
				B790C4C62979367A00876698 /* Kingfisher */,
				B78D0001299DF1FB00FF79F2 /* FirebaseAnalytics */,
				B78D0003299DF1FB00FF79F2 /* FirebaseAnalyticsOnDeviceConversion */,
				B78D0005299DF1FB00FF79F2 /* FirebaseAnalyticsSwift */,
				B78D0007299DF1FB00FF79F2 /* FirebaseAnalyticsWithoutAdIdSupport */,
				B78D0009299DF1FB00FF79F2 /* FirebaseAppCheck */,
				B78D000B299DF1FB00FF79F2 /* FirebaseAppDistribution-Beta */,
				B78D000D299DF1FB00FF79F2 /* FirebaseAuth */,
				B78D000F299DF1FB00FF79F2 /* FirebaseAuthCombine-Community */,
				B78D0011299DF1FB00FF79F2 /* FirebaseCrashlytics */,
				B78D0013299DF1FB00FF79F2 /* FirebaseDatabase */,
				B78D0015299DF1FB00FF79F2 /* FirebaseDatabaseSwift */,
				B78D0017299DF1FB00FF79F2 /* FirebaseDynamicLinks */,
				B78D0019299DF1FB00FF79F2 /* FirebaseFirestore */,
				B78D001B299DF1FB00FF79F2 /* FirebaseFirestoreCombine-Community */,
				B78D001D299DF1FB00FF79F2 /* FirebaseFirestoreSwift */,
				B78D001F299DF1FB00FF79F2 /* FirebaseFunctions */,
				B78D0021299DF1FB00FF79F2 /* FirebaseFunctionsCombine-Community */,
				B78D0023299DF1FB00FF79F2 /* FirebaseInAppMessaging-Beta */,
				B78D0025299DF1FB00FF79F2 /* FirebaseInAppMessagingSwift-Beta */,
				B78D0027299DF1FB00FF79F2 /* FirebaseInstallations */,
				B78D0029299DF1FB00FF79F2 /* FirebaseMLModelDownloader */,
				B78D002B299DF1FB00FF79F2 /* FirebaseMessaging */,
				B78D002D299DF1FB00FF79F2 /* FirebasePerformance */,
				B78D002F299DF1FB00FF79F2 /* FirebaseRemoteConfig */,
				B78D0031299DF1FB00FF79F2 /* FirebaseRemoteConfigSwift */,
				B78D0033299DF1FB00FF79F2 /* FirebaseStorage */,
				B78D0035299DF1FB00FF79F2 /* FirebaseStorageCombine-Community */,
			);
			productName = "Be-Healthy";
			productReference = B727D53128B70A8500773A12 /* Be-Healthy.app */;
			productType = "com.apple.product-type.application";
		};
		B727D54628B70A8600773A12 /* Be-HealthyTests */ = {
			isa = PBXNativeTarget;
			buildConfigurationList = B727D55E28B70A8600773A12 /* Build configuration list for PBXNativeTarget "Be-HealthyTests" */;
			buildPhases = (
				B727D54328B70A8600773A12 /* Sources */,
				B727D54428B70A8600773A12 /* Frameworks */,
				B727D54528B70A8600773A12 /* Resources */,
			);
			buildRules = (
			);
			dependencies = (
				B727D54928B70A8600773A12 /* PBXTargetDependency */,
			);
			name = "Be-HealthyTests";
			productName = "Be-HealthyTests";
			productReference = B727D54728B70A8600773A12 /* Be-HealthyTests.xctest */;
			productType = "com.apple.product-type.bundle.unit-test";
		};
		B727D55028B70A8600773A12 /* Be-HealthyUITests */ = {
			isa = PBXNativeTarget;
			buildConfigurationList = B727D56128B70A8600773A12 /* Build configuration list for PBXNativeTarget "Be-HealthyUITests" */;
			buildPhases = (
				B727D54D28B70A8600773A12 /* Sources */,
				B727D54E28B70A8600773A12 /* Frameworks */,
				B727D54F28B70A8600773A12 /* Resources */,
			);
			buildRules = (
			);
			dependencies = (
				B727D55328B70A8600773A12 /* PBXTargetDependency */,
			);
			name = "Be-HealthyUITests";
			productName = "Be-HealthyUITests";
			productReference = B727D55128B70A8600773A12 /* Be-HealthyUITests.xctest */;
			productType = "com.apple.product-type.bundle.ui-testing";
		};
/* End PBXNativeTarget section */

/* Begin PBXProject section */
		B727D52928B70A8500773A12 /* Project object */ = {
			isa = PBXProject;
			attributes = {
				BuildIndependentTargetsInParallel = 1;
				LastSwiftUpdateCheck = 1340;
				LastUpgradeCheck = 1340;
				TargetAttributes = {
					B727D53028B70A8500773A12 = {
						CreatedOnToolsVersion = 13.4.1;
					};
					B727D54628B70A8600773A12 = {
						CreatedOnToolsVersion = 13.4.1;
						TestTargetID = B727D53028B70A8500773A12;
					};
					B727D55028B70A8600773A12 = {
						CreatedOnToolsVersion = 13.4.1;
						TestTargetID = B727D53028B70A8500773A12;
					};
				};
			};
			buildConfigurationList = B727D52C28B70A8500773A12 /* Build configuration list for PBXProject "Be-Healthy" */;
			compatibilityVersion = "Xcode 13.0";
			developmentRegion = en;
			hasScannedForEncodings = 0;
			knownRegions = (
				en,
				Base,
			);
			mainGroup = B727D52828B70A8500773A12;
			packageReferences = (
				B727D57028B74EBE00773A12 /* XCRemoteSwiftPackageReference "SnapKit" */,
				B727D57328B74EC900773A12 /* XCRemoteSwiftPackageReference "Then" */,
				B7B2E05128CF594800BD3E09 /* XCRemoteSwiftPackageReference "FSCalendar" */,
				B7C17A1C28E730AE0056F8F9 /* XCRemoteSwiftPackageReference "Charts" */,
				B7D442C128F6FF8C00994AD3 /* XCRemoteSwiftPackageReference "Alamofire" */,
				B7B0206529432FE6007C04AB /* XCRemoteSwiftPackageReference "kakao-ios-sdk" */,
				B790C4C52979367A00876698 /* XCRemoteSwiftPackageReference "Kingfisher" */,
				B78D0000299DF1FB00FF79F2 /* XCRemoteSwiftPackageReference "firebase-ios-sdk" */,
			);
			productRefGroup = B727D53228B70A8500773A12 /* Products */;
			projectDirPath = "";
			projectRoot = "";
			targets = (
				B727D53028B70A8500773A12 /* Be-Healthy */,
				B727D54628B70A8600773A12 /* Be-HealthyTests */,
				B727D55028B70A8600773A12 /* Be-HealthyUITests */,
			);
		};
/* End PBXProject section */

/* Begin PBXResourcesBuildPhase section */
		B727D52F28B70A8500773A12 /* Resources */ = {
			isa = PBXResourcesBuildPhase;
			buildActionMask = 2147483647;
			files = (
				B727D54128B70A8600773A12 /* LaunchScreen.storyboard in Resources */,
				B7BDD7F828D59AEC000E644A /* TopThreeCollectionViewCell.xib in Resources */,
				B7CFA26028D5B0F200E9DC12 /* RecordListCollectionViewCell.xib in Resources */,
				B727D53E28B70A8600773A12 /* Assets.xcassets in Resources */,
				B7CFA26428D5C79000E9DC12 /* RecordListCollectionViewHeader.xib in Resources */,
				B7B0207A29433AA6007C04AB /* GoogleService-Info.plist in Resources */,
			);
			runOnlyForDeploymentPostprocessing = 0;
		};
		B727D54528B70A8600773A12 /* Resources */ = {
			isa = PBXResourcesBuildPhase;
			buildActionMask = 2147483647;
			files = (
			);
			runOnlyForDeploymentPostprocessing = 0;
		};
		B727D54F28B70A8600773A12 /* Resources */ = {
			isa = PBXResourcesBuildPhase;
			buildActionMask = 2147483647;
			files = (
			);
			runOnlyForDeploymentPostprocessing = 0;
		};
/* End PBXResourcesBuildPhase section */

/* Begin PBXShellScriptBuildPhase section */
		B7B0207B29433B1B007C04AB /* ShellScript */ = {
			isa = PBXShellScriptBuildPhase;
			buildActionMask = 2147483647;
			files = (
			);
			inputFileListPaths = (
			);
			inputPaths = (
			);
			outputFileListPaths = (
			);
			outputPaths = (
			);
			runOnlyForDeploymentPostprocessing = 0;
			shellPath = /bin/sh;
			shellScript = "\"${BUILD_DIR%/Build/*}/SourcePackages/checkouts/firebase-ios-sdk/Crashlytics/run\"\n\"${BUILD_DIR%/Build/*}/SourcePackages/checkouts/firebase-ios-sdk/Crashlytics/upload-symbols\" -gsp ${BUILT_PRODUCTS_DIR}/${PRODUCT_NAME}.app/GoogleService-Info.plist -p ios ${DWARF_DSYM_FOLDER_PATH}/${DWARF_DSYM_FILE_NAME}\n";
		};
/* End PBXShellScriptBuildPhase section */

/* Begin PBXSourcesBuildPhase section */
		B727D52D28B70A8500773A12 /* Sources */ = {
			isa = PBXSourcesBuildPhase;
			buildActionMask = 2147483647;
			files = (
				B792954628BC6447007D6045 /* ToastView.swift in Sources */,
				B7EE7348298359A400E2F408 /* KakaoLoginManager.swift in Sources */,
				B722FB9528BA19DD004AEEB2 /* BHBaseViewController.swift in Sources */,
				B7D1E4AF28CB68FB008C5E0C /* BHTextFieldView.swift in Sources */,
				B7825BF328C1E3ED005DF613 /* IntensityButton.swift in Sources */,
				B727D56F28B716FB00773A12 /* LoginViewController.swift in Sources */,
				B7870A0C28C3330D00B07FC2 /* EmojiTextField.swift in Sources */,
				B7D1E4B128CB7075008C5E0C /* AccountSettingViewController.swift in Sources */,
				B722FB9328BA16C2004AEEB2 /* PasswordResetViewController.swift in Sources */,
				B7A70AEA2973E9EE00D5628A /* CommunityFormView.swift in Sources */,
				B7F2BC2E28CF4AF500413836 /* CalendarViewController.swift in Sources */,
				B7E19160295CD11A00A20F2F /* BaseViewController.swift in Sources */,
				B79547DB295D704B0003B7EE /* String+Validate.swift in Sources */,
				B7DB81F229817D510098AFAD /* AppleLoginManager.swift in Sources */,
				B70920462997D42E00568607 /* GoalTimeSubject.swift in Sources */,
				B790C4C42979364800876698 /* CommunityDetailBannerCell.swift in Sources */,
				B727D58728B89CA100773A12 /* BHSubmitButton.swift in Sources */,
				B727D53928B70A8500773A12 /* HomeViewController.swift in Sources */,
				B7BDD7F728D59AEC000E644A /* TopThreeCollectionViewCell.swift in Sources */,
				B790C4C229791CF700876698 /* Community.swift in Sources */,
				B7AC995229840C810067A465 /* WorkoutGoalResusltData.swift in Sources */,
				B727D53528B70A8500773A12 /* AppDelegate.swift in Sources */,
				B727D58128B8628800773A12 /* UIColor+Extension.swift in Sources */,
				B7E19164295CEC3100A20F2F /* GoalTimeSettingModalView.swift in Sources */,
				B78DFFFC299DC9F100FF79F2 /* MyAuthenticationCredential.swift in Sources */,
				B727D57D28B7744200773A12 /* BHTextField.swift in Sources */,
				B7D01BE6298FD89C000897AF /* CalendarViewModel.swift in Sources */,
				B7D1E4B528CBA0B5008C5E0C /* DeleteIdViewController.swift in Sources */,
				B7D442D028F7061D00994AD3 /* LoginResultData.swift in Sources */,
				B79547DF295D731D0003B7EE /* CustomPulbisher.swift in Sources */,
				B78DFFF92993473700FF79F2 /* Int+Extension.swift in Sources */,
				B792954828BCA33D007D6045 /* TabBarViewController.swift in Sources */,
				B727D57B28B7701800773A12 /* UITextField+Extension.swift in Sources */,
				B7D1E4B328CB8AA5008C5E0C /* GoalTimeSettingView.swift in Sources */,
				B78DFFF52991E58B00FF79F2 /* WorkoutRecordsResultData.swift in Sources */,
				B776F435290D1927009DA6B5 /* WorkoutRecord.swift in Sources */,
				B727D57F28B8568300773A12 /* UIButton+Extension.swift in Sources */,
				B7A70AEC2973EA0200D5628A /* CommunityDetailView.swift in Sources */,
				B722FB9128BA16B9004AEEB2 /* PasswordResetAuthViewController.swift in Sources */,
				B727D58328B88AAE00773A12 /* UIImage+Extension.swift in Sources */,
				B7E3A90328FAD16C005E6EB0 /* Helper.swift in Sources */,
				B790C4C029791C3600876698 /* PinterestLayout.swift in Sources */,
				B722FB8F28BA169C004AEEB2 /* RegisterViewController.swift in Sources */,
				B7CFA25F28D5B0F200E9DC12 /* RecordListCollectionViewCell.swift in Sources */,
				B776F43A290D1EBD009DA6B5 /* AddWorkoutRecordViewModel.swift in Sources */,
				B7EE73452982019E00E2F408 /* Config.swift in Sources */,
				B7D442CE28F7048200994AD3 /* User.swift in Sources */,
				B7D01BE4298FD4CB000897AF /* RecordsRepository.swift in Sources */,
				B7A70AEE2973EBFB00D5628A /* CommunityCell.swift in Sources */,
				B7EE735829878ED800E2F408 /* JSONWebToken.swift in Sources */,
				B727D53728B70A8500773A12 /* SceneDelegate.swift in Sources */,
				B78DFFFE299DCA9200FF79F2 /* MyAuthenticator.swift in Sources */,
				B7D442C728F700B300994AD3 /* AuthenticationService.swift in Sources */,
				B7D442CB28F7038300994AD3 /* SignUpResultData.swift in Sources */,
				B7CFA26328D5C79000E9DC12 /* RecordListCollectionViewHeader.swift in Sources */,
				B7DB81F429818D460098AFAD /* VerificationCodeResultData.swift in Sources */,
				B7C7BAF928EEF82100CC574E /* LeftAxisValueFormatter.swift in Sources */,
				B7825BF728C5ACCD005DF613 /* ProfileViewController.swift in Sources */,
				B7F67686293B5C2E008C72DC /* FirstViewController.swift in Sources */,
				B7EFCFB4298585BF005B8ED3 /* APIResponse.swift in Sources */,
				B7EE734A2983614300E2F408 /* CommunityPrepareView.swift in Sources */,
				B7EE735629837FC000E2F408 /* WorkoutService.swift in Sources */,
				B7F67684293B343C008C72DC /* CommunityView.swift in Sources */,
				B7825BF128C19ACB005DF613 /* AddWorkoutViewController.swift in Sources */,
				B727D57728B75EF900773A12 /* TitleView.swift in Sources */,
				B78DFFF72992172900FF79F2 /* CalendarCell.swift in Sources */,
				B7EE735429837DBD00E2F408 /* ResultData.swift in Sources */,
				B7EE735D298792DD00E2F408 /* JSONWebTokenPayload.swift in Sources */,
				B79547DD295D70530003B7EE /* UIControl+EventPublisher.swift in Sources */,
				B7EE735B298792C300E2F408 /* JSONWebTokenHeader.swift in Sources */,
			);
			runOnlyForDeploymentPostprocessing = 0;
		};
		B727D54328B70A8600773A12 /* Sources */ = {
			isa = PBXSourcesBuildPhase;
			buildActionMask = 2147483647;
			files = (
				B727D54C28B70A8600773A12 /* Be_HealthyTests.swift in Sources */,
			);
			runOnlyForDeploymentPostprocessing = 0;
		};
		B727D54D28B70A8600773A12 /* Sources */ = {
			isa = PBXSourcesBuildPhase;
			buildActionMask = 2147483647;
			files = (
				B727D55628B70A8600773A12 /* Be_HealthyUITests.swift in Sources */,
				B727D55828B70A8600773A12 /* Be_HealthyUITestsLaunchTests.swift in Sources */,
			);
			runOnlyForDeploymentPostprocessing = 0;
		};
/* End PBXSourcesBuildPhase section */

/* Begin PBXTargetDependency section */
		B727D54928B70A8600773A12 /* PBXTargetDependency */ = {
			isa = PBXTargetDependency;
			target = B727D53028B70A8500773A12 /* Be-Healthy */;
			targetProxy = B727D54828B70A8600773A12 /* PBXContainerItemProxy */;
		};
		B727D55328B70A8600773A12 /* PBXTargetDependency */ = {
			isa = PBXTargetDependency;
			target = B727D53028B70A8500773A12 /* Be-Healthy */;
			targetProxy = B727D55228B70A8600773A12 /* PBXContainerItemProxy */;
		};
/* End PBXTargetDependency section */

/* Begin PBXVariantGroup section */
		B727D53F28B70A8600773A12 /* LaunchScreen.storyboard */ = {
			isa = PBXVariantGroup;
			children = (
				B727D54028B70A8600773A12 /* Base */,
			);
			name = LaunchScreen.storyboard;
			sourceTree = "<group>";
		};
/* End PBXVariantGroup section */

/* Begin XCBuildConfiguration section */
		B727D55928B70A8600773A12 /* Debug */ = {
			isa = XCBuildConfiguration;
			buildSettings = {
				ALWAYS_SEARCH_USER_PATHS = NO;
				CLANG_ANALYZER_LOCALIZABILITY_NONLOCALIZED = YES;
				CLANG_ANALYZER_NONNULL = YES;
				CLANG_ANALYZER_NUMBER_OBJECT_CONVERSION = YES_AGGRESSIVE;
				CLANG_CXX_LANGUAGE_STANDARD = "gnu++17";
				CLANG_ENABLE_MODULES = YES;
				CLANG_ENABLE_OBJC_ARC = YES;
				CLANG_ENABLE_OBJC_WEAK = YES;
				CLANG_WARN_BLOCK_CAPTURE_AUTORELEASING = YES;
				CLANG_WARN_BOOL_CONVERSION = YES;
				CLANG_WARN_COMMA = YES;
				CLANG_WARN_CONSTANT_CONVERSION = YES;
				CLANG_WARN_DEPRECATED_OBJC_IMPLEMENTATIONS = YES;
				CLANG_WARN_DIRECT_OBJC_ISA_USAGE = YES_ERROR;
				CLANG_WARN_DOCUMENTATION_COMMENTS = YES;
				CLANG_WARN_EMPTY_BODY = YES;
				CLANG_WARN_ENUM_CONVERSION = YES;
				CLANG_WARN_INFINITE_RECURSION = YES;
				CLANG_WARN_INT_CONVERSION = YES;
				CLANG_WARN_NON_LITERAL_NULL_CONVERSION = YES;
				CLANG_WARN_OBJC_IMPLICIT_RETAIN_SELF = YES;
				CLANG_WARN_OBJC_LITERAL_CONVERSION = YES;
				CLANG_WARN_OBJC_ROOT_CLASS = YES_ERROR;
				CLANG_WARN_QUOTED_INCLUDE_IN_FRAMEWORK_HEADER = YES;
				CLANG_WARN_RANGE_LOOP_ANALYSIS = YES;
				CLANG_WARN_STRICT_PROTOTYPES = YES;
				CLANG_WARN_SUSPICIOUS_MOVE = YES;
				CLANG_WARN_UNGUARDED_AVAILABILITY = YES_AGGRESSIVE;
				CLANG_WARN_UNREACHABLE_CODE = YES;
				CLANG_WARN__DUPLICATE_METHOD_MATCH = YES;
				COPY_PHASE_STRIP = NO;
				DEBUG_INFORMATION_FORMAT = dwarf;
				ENABLE_STRICT_OBJC_MSGSEND = YES;
				ENABLE_TESTABILITY = YES;
				GCC_C_LANGUAGE_STANDARD = gnu11;
				GCC_DYNAMIC_NO_PIC = NO;
				GCC_NO_COMMON_BLOCKS = YES;
				GCC_OPTIMIZATION_LEVEL = 0;
				GCC_PREPROCESSOR_DEFINITIONS = (
					"DEBUG=1",
					"$(inherited)",
				);
				GCC_WARN_64_TO_32_BIT_CONVERSION = YES;
				GCC_WARN_ABOUT_RETURN_TYPE = YES_ERROR;
				GCC_WARN_UNDECLARED_SELECTOR = YES;
				GCC_WARN_UNINITIALIZED_AUTOS = YES_AGGRESSIVE;
				GCC_WARN_UNUSED_FUNCTION = YES;
				GCC_WARN_UNUSED_VARIABLE = YES;
				INFOPLIST_KEY_CFBundleDisplayName = "BE HEALTHY";
				IPHONEOS_DEPLOYMENT_TARGET = 15.0;
				MTL_ENABLE_DEBUG_INFO = INCLUDE_SOURCE;
				MTL_FAST_MATH = YES;
				ONLY_ACTIVE_ARCH = YES;
				SDKROOT = iphoneos;
				SWIFT_ACTIVE_COMPILATION_CONDITIONS = DEBUG;
				SWIFT_OPTIMIZATION_LEVEL = "-Onone";
			};
			name = Debug;
		};
		B727D55A28B70A8600773A12 /* Release */ = {
			isa = XCBuildConfiguration;
			buildSettings = {
				ALWAYS_SEARCH_USER_PATHS = NO;
				CLANG_ANALYZER_LOCALIZABILITY_NONLOCALIZED = YES;
				CLANG_ANALYZER_NONNULL = YES;
				CLANG_ANALYZER_NUMBER_OBJECT_CONVERSION = YES_AGGRESSIVE;
				CLANG_CXX_LANGUAGE_STANDARD = "gnu++17";
				CLANG_ENABLE_MODULES = YES;
				CLANG_ENABLE_OBJC_ARC = YES;
				CLANG_ENABLE_OBJC_WEAK = YES;
				CLANG_WARN_BLOCK_CAPTURE_AUTORELEASING = YES;
				CLANG_WARN_BOOL_CONVERSION = YES;
				CLANG_WARN_COMMA = YES;
				CLANG_WARN_CONSTANT_CONVERSION = YES;
				CLANG_WARN_DEPRECATED_OBJC_IMPLEMENTATIONS = YES;
				CLANG_WARN_DIRECT_OBJC_ISA_USAGE = YES_ERROR;
				CLANG_WARN_DOCUMENTATION_COMMENTS = YES;
				CLANG_WARN_EMPTY_BODY = YES;
				CLANG_WARN_ENUM_CONVERSION = YES;
				CLANG_WARN_INFINITE_RECURSION = YES;
				CLANG_WARN_INT_CONVERSION = YES;
				CLANG_WARN_NON_LITERAL_NULL_CONVERSION = YES;
				CLANG_WARN_OBJC_IMPLICIT_RETAIN_SELF = YES;
				CLANG_WARN_OBJC_LITERAL_CONVERSION = YES;
				CLANG_WARN_OBJC_ROOT_CLASS = YES_ERROR;
				CLANG_WARN_QUOTED_INCLUDE_IN_FRAMEWORK_HEADER = YES;
				CLANG_WARN_RANGE_LOOP_ANALYSIS = YES;
				CLANG_WARN_STRICT_PROTOTYPES = YES;
				CLANG_WARN_SUSPICIOUS_MOVE = YES;
				CLANG_WARN_UNGUARDED_AVAILABILITY = YES_AGGRESSIVE;
				CLANG_WARN_UNREACHABLE_CODE = YES;
				CLANG_WARN__DUPLICATE_METHOD_MATCH = YES;
				COPY_PHASE_STRIP = NO;
				DEBUG_INFORMATION_FORMAT = "dwarf-with-dsym";
				ENABLE_NS_ASSERTIONS = NO;
				ENABLE_STRICT_OBJC_MSGSEND = YES;
				GCC_C_LANGUAGE_STANDARD = gnu11;
				GCC_NO_COMMON_BLOCKS = YES;
				GCC_WARN_64_TO_32_BIT_CONVERSION = YES;
				GCC_WARN_ABOUT_RETURN_TYPE = YES_ERROR;
				GCC_WARN_UNDECLARED_SELECTOR = YES;
				GCC_WARN_UNINITIALIZED_AUTOS = YES_AGGRESSIVE;
				GCC_WARN_UNUSED_FUNCTION = YES;
				GCC_WARN_UNUSED_VARIABLE = YES;
				INFOPLIST_KEY_CFBundleDisplayName = "BE HEALTHY";
				IPHONEOS_DEPLOYMENT_TARGET = 15.0;
				MTL_ENABLE_DEBUG_INFO = NO;
				MTL_FAST_MATH = YES;
				SDKROOT = iphoneos;
				SWIFT_COMPILATION_MODE = wholemodule;
				SWIFT_OPTIMIZATION_LEVEL = "-O";
				VALIDATE_PRODUCT = YES;
			};
			name = Release;
		};
		B727D55C28B70A8600773A12 /* Debug */ = {
			isa = XCBuildConfiguration;
			buildSettings = {
				ASSETCATALOG_COMPILER_APPICON_NAME = AppIcon;
				ASSETCATALOG_COMPILER_GLOBAL_ACCENT_COLOR_NAME = AccentColor;
				CODE_SIGN_ENTITLEMENTS = "Be-Healthy/Be-Healthy.entitlements";
				CODE_SIGN_IDENTITY = "Apple Development";
				CODE_SIGN_STYLE = Automatic;
				CURRENT_PROJECT_VERSION = 1;
				DEBUG_INFORMATION_FORMAT = "dwarf-with-dsym";
				DEVELOPMENT_TEAM = 5U63B95JW2;
				GENERATE_INFOPLIST_FILE = YES;
				INFOPLIST_FILE = "Be-Healthy/Info.plist";
				INFOPLIST_KEY_CFBundleDisplayName = "BE HEALTHY";
				INFOPLIST_KEY_UIApplicationSupportsIndirectInputEvents = YES;
				INFOPLIST_KEY_UILaunchStoryboardName = LaunchScreen;
				INFOPLIST_KEY_UISupportedInterfaceOrientations_iPad = UIInterfaceOrientationPortrait;
				INFOPLIST_KEY_UISupportedInterfaceOrientations_iPhone = UIInterfaceOrientationPortrait;
				INFOPLIST_KEY_UIUserInterfaceStyle = Light;
				IPHONEOS_DEPLOYMENT_TARGET = 15.0;
				LD_RUNPATH_SEARCH_PATHS = (
					"$(inherited)",
					"@executable_path/Frameworks",
				);
				MARKETING_VERSION = 1.0;
				PRODUCT_BUNDLE_IDENTIFIER = "com.phw.Be-Healthy";
				PRODUCT_NAME = "$(TARGET_NAME)";
				PROVISIONING_PROFILE_SPECIFIER = "";
				SWIFT_EMIT_LOC_STRINGS = YES;
				SWIFT_VERSION = 5.0;
				TARGETED_DEVICE_FAMILY = 1;
			};
			name = Debug;
		};
		B727D55D28B70A8600773A12 /* Release */ = {
			isa = XCBuildConfiguration;
			buildSettings = {
				ASSETCATALOG_COMPILER_APPICON_NAME = AppIcon;
				ASSETCATALOG_COMPILER_GLOBAL_ACCENT_COLOR_NAME = AccentColor;
				CODE_SIGN_ENTITLEMENTS = "Be-Healthy/Be-Healthy.entitlements";
				CODE_SIGN_IDENTITY = "Apple Development";
				CODE_SIGN_STYLE = Automatic;
				CURRENT_PROJECT_VERSION = 1;
				DEVELOPMENT_TEAM = 5U63B95JW2;
				GENERATE_INFOPLIST_FILE = YES;
				INFOPLIST_FILE = "Be-Healthy/Info.plist";
				INFOPLIST_KEY_CFBundleDisplayName = "BE HEALTHY";
				INFOPLIST_KEY_UIApplicationSupportsIndirectInputEvents = YES;
				INFOPLIST_KEY_UILaunchStoryboardName = LaunchScreen;
				INFOPLIST_KEY_UISupportedInterfaceOrientations_iPad = UIInterfaceOrientationPortrait;
				INFOPLIST_KEY_UISupportedInterfaceOrientations_iPhone = UIInterfaceOrientationPortrait;
				INFOPLIST_KEY_UIUserInterfaceStyle = Light;
				IPHONEOS_DEPLOYMENT_TARGET = 15.0;
				LD_RUNPATH_SEARCH_PATHS = (
					"$(inherited)",
					"@executable_path/Frameworks",
				);
				MARKETING_VERSION = 1.0;
				PRODUCT_BUNDLE_IDENTIFIER = "com.phw.Be-Healthy";
				PRODUCT_NAME = "$(TARGET_NAME)";
				PROVISIONING_PROFILE_SPECIFIER = "";
				SWIFT_EMIT_LOC_STRINGS = YES;
				SWIFT_VERSION = 5.0;
				TARGETED_DEVICE_FAMILY = 1;
			};
			name = Release;
		};
		B727D55F28B70A8600773A12 /* Debug */ = {
			isa = XCBuildConfiguration;
			buildSettings = {
				ALWAYS_EMBED_SWIFT_STANDARD_LIBRARIES = YES;
				BUNDLE_LOADER = "$(TEST_HOST)";
				CODE_SIGN_STYLE = Automatic;
				CURRENT_PROJECT_VERSION = 1;
				GENERATE_INFOPLIST_FILE = YES;
				IPHONEOS_DEPLOYMENT_TARGET = 15.5;
				MARKETING_VERSION = 1.0;
				PRODUCT_BUNDLE_IDENTIFIER = "com.phw.Be-HealthyTests";
				PRODUCT_NAME = "$(TARGET_NAME)";
				SWIFT_EMIT_LOC_STRINGS = NO;
				SWIFT_VERSION = 5.0;
				TARGETED_DEVICE_FAMILY = "1,2";
				TEST_HOST = "$(BUILT_PRODUCTS_DIR)/Be-Healthy.app/Be-Healthy";
			};
			name = Debug;
		};
		B727D56028B70A8600773A12 /* Release */ = {
			isa = XCBuildConfiguration;
			buildSettings = {
				ALWAYS_EMBED_SWIFT_STANDARD_LIBRARIES = YES;
				BUNDLE_LOADER = "$(TEST_HOST)";
				CODE_SIGN_STYLE = Automatic;
				CURRENT_PROJECT_VERSION = 1;
				GENERATE_INFOPLIST_FILE = YES;
				IPHONEOS_DEPLOYMENT_TARGET = 15.5;
				MARKETING_VERSION = 1.0;
				PRODUCT_BUNDLE_IDENTIFIER = "com.phw.Be-HealthyTests";
				PRODUCT_NAME = "$(TARGET_NAME)";
				SWIFT_EMIT_LOC_STRINGS = NO;
				SWIFT_VERSION = 5.0;
				TARGETED_DEVICE_FAMILY = "1,2";
				TEST_HOST = "$(BUILT_PRODUCTS_DIR)/Be-Healthy.app/Be-Healthy";
			};
			name = Release;
		};
		B727D56228B70A8600773A12 /* Debug */ = {
			isa = XCBuildConfiguration;
			buildSettings = {
				ALWAYS_EMBED_SWIFT_STANDARD_LIBRARIES = YES;
				CODE_SIGN_STYLE = Automatic;
				CURRENT_PROJECT_VERSION = 1;
				GENERATE_INFOPLIST_FILE = YES;
				MARKETING_VERSION = 1.0;
				PRODUCT_BUNDLE_IDENTIFIER = "com.phw.Be-HealthyUITests";
				PRODUCT_NAME = "$(TARGET_NAME)";
				SWIFT_EMIT_LOC_STRINGS = NO;
				SWIFT_VERSION = 5.0;
				TARGETED_DEVICE_FAMILY = "1,2";
				TEST_TARGET_NAME = "Be-Healthy";
			};
			name = Debug;
		};
		B727D56328B70A8600773A12 /* Release */ = {
			isa = XCBuildConfiguration;
			buildSettings = {
				ALWAYS_EMBED_SWIFT_STANDARD_LIBRARIES = YES;
				CODE_SIGN_STYLE = Automatic;
				CURRENT_PROJECT_VERSION = 1;
				GENERATE_INFOPLIST_FILE = YES;
				MARKETING_VERSION = 1.0;
				PRODUCT_BUNDLE_IDENTIFIER = "com.phw.Be-HealthyUITests";
				PRODUCT_NAME = "$(TARGET_NAME)";
				SWIFT_EMIT_LOC_STRINGS = NO;
				SWIFT_VERSION = 5.0;
				TARGETED_DEVICE_FAMILY = "1,2";
				TEST_TARGET_NAME = "Be-Healthy";
			};
			name = Release;
		};
/* End XCBuildConfiguration section */

/* Begin XCConfigurationList section */
		B727D52C28B70A8500773A12 /* Build configuration list for PBXProject "Be-Healthy" */ = {
			isa = XCConfigurationList;
			buildConfigurations = (
				B727D55928B70A8600773A12 /* Debug */,
				B727D55A28B70A8600773A12 /* Release */,
			);
			defaultConfigurationIsVisible = 0;
			defaultConfigurationName = Release;
		};
		B727D55B28B70A8600773A12 /* Build configuration list for PBXNativeTarget "Be-Healthy" */ = {
			isa = XCConfigurationList;
			buildConfigurations = (
				B727D55C28B70A8600773A12 /* Debug */,
				B727D55D28B70A8600773A12 /* Release */,
			);
			defaultConfigurationIsVisible = 0;
			defaultConfigurationName = Release;
		};
		B727D55E28B70A8600773A12 /* Build configuration list for PBXNativeTarget "Be-HealthyTests" */ = {
			isa = XCConfigurationList;
			buildConfigurations = (
				B727D55F28B70A8600773A12 /* Debug */,
				B727D56028B70A8600773A12 /* Release */,
			);
			defaultConfigurationIsVisible = 0;
			defaultConfigurationName = Release;
		};
		B727D56128B70A8600773A12 /* Build configuration list for PBXNativeTarget "Be-HealthyUITests" */ = {
			isa = XCConfigurationList;
			buildConfigurations = (
				B727D56228B70A8600773A12 /* Debug */,
				B727D56328B70A8600773A12 /* Release */,
			);
			defaultConfigurationIsVisible = 0;
			defaultConfigurationName = Release;
		};
/* End XCConfigurationList section */

/* Begin XCRemoteSwiftPackageReference section */
		B727D57028B74EBE00773A12 /* XCRemoteSwiftPackageReference "SnapKit" */ = {
			isa = XCRemoteSwiftPackageReference;
			repositoryURL = "https://github.com/SnapKit/SnapKit";
			requirement = {
				branch = develop;
				kind = branch;
			};
		};
		B727D57328B74EC900773A12 /* XCRemoteSwiftPackageReference "Then" */ = {
			isa = XCRemoteSwiftPackageReference;
			repositoryURL = "https://github.com/devxoul/Then";
			requirement = {
				kind = upToNextMajorVersion;
				minimumVersion = 3.0.0;
			};
		};
		B78D0000299DF1FB00FF79F2 /* XCRemoteSwiftPackageReference "firebase-ios-sdk" */ = {
			isa = XCRemoteSwiftPackageReference;
			repositoryURL = "https://github.com/firebase/firebase-ios-sdk";
			requirement = {
				branch = master;
				kind = branch;
			};
		};
		B790C4C52979367A00876698 /* XCRemoteSwiftPackageReference "Kingfisher" */ = {
			isa = XCRemoteSwiftPackageReference;
			repositoryURL = "https://github.com/onevcat/Kingfisher";
			requirement = {
				branch = master;
				kind = branch;
			};
		};
		B7B0206529432FE6007C04AB /* XCRemoteSwiftPackageReference "kakao-ios-sdk" */ = {
			isa = XCRemoteSwiftPackageReference;
			repositoryURL = "https://github.com/kakao/kakao-ios-sdk";
			requirement = {
				branch = master;
				kind = branch;
			};
		};
		B7B2E05128CF594800BD3E09 /* XCRemoteSwiftPackageReference "FSCalendar" */ = {
			isa = XCRemoteSwiftPackageReference;
			repositoryURL = "https://github.com/WenchaoD/FSCalendar";
			requirement = {
				kind = upToNextMajorVersion;
				minimumVersion = 2.0.0;
			};
		};
		B7C17A1C28E730AE0056F8F9 /* XCRemoteSwiftPackageReference "Charts" */ = {
			isa = XCRemoteSwiftPackageReference;
			repositoryURL = "https://github.com/danielgindi/Charts";
			requirement = {
				kind = upToNextMajorVersion;
				minimumVersion = 4.0.0;
			};
		};
		B7D442C128F6FF8C00994AD3 /* XCRemoteSwiftPackageReference "Alamofire" */ = {
			isa = XCRemoteSwiftPackageReference;
			repositoryURL = "https://github.com/Alamofire/Alamofire";
			requirement = {
				branch = master;
				kind = branch;
			};
		};
/* End XCRemoteSwiftPackageReference section */

/* Begin XCSwiftPackageProductDependency section */
		B727D57128B74EBE00773A12 /* SnapKit */ = {
			isa = XCSwiftPackageProductDependency;
			package = B727D57028B74EBE00773A12 /* XCRemoteSwiftPackageReference "SnapKit" */;
			productName = SnapKit;
		};
		B727D57428B74EC900773A12 /* Then */ = {
			isa = XCSwiftPackageProductDependency;
			package = B727D57328B74EC900773A12 /* XCRemoteSwiftPackageReference "Then" */;
			productName = Then;
		};
		B78D0001299DF1FB00FF79F2 /* FirebaseAnalytics */ = {
			isa = XCSwiftPackageProductDependency;
			package = B78D0000299DF1FB00FF79F2 /* XCRemoteSwiftPackageReference "firebase-ios-sdk" */;
			productName = FirebaseAnalytics;
		};
		B78D0003299DF1FB00FF79F2 /* FirebaseAnalyticsOnDeviceConversion */ = {
			isa = XCSwiftPackageProductDependency;
			package = B78D0000299DF1FB00FF79F2 /* XCRemoteSwiftPackageReference "firebase-ios-sdk" */;
			productName = FirebaseAnalyticsOnDeviceConversion;
		};
		B78D0005299DF1FB00FF79F2 /* FirebaseAnalyticsSwift */ = {
			isa = XCSwiftPackageProductDependency;
			package = B78D0000299DF1FB00FF79F2 /* XCRemoteSwiftPackageReference "firebase-ios-sdk" */;
			productName = FirebaseAnalyticsSwift;
		};
		B78D0007299DF1FB00FF79F2 /* FirebaseAnalyticsWithoutAdIdSupport */ = {
			isa = XCSwiftPackageProductDependency;
			package = B78D0000299DF1FB00FF79F2 /* XCRemoteSwiftPackageReference "firebase-ios-sdk" */;
			productName = FirebaseAnalyticsWithoutAdIdSupport;
		};
		B78D0009299DF1FB00FF79F2 /* FirebaseAppCheck */ = {
			isa = XCSwiftPackageProductDependency;
			package = B78D0000299DF1FB00FF79F2 /* XCRemoteSwiftPackageReference "firebase-ios-sdk" */;
			productName = FirebaseAppCheck;
		};
		B78D000B299DF1FB00FF79F2 /* FirebaseAppDistribution-Beta */ = {
			isa = XCSwiftPackageProductDependency;
			package = B78D0000299DF1FB00FF79F2 /* XCRemoteSwiftPackageReference "firebase-ios-sdk" */;
			productName = "FirebaseAppDistribution-Beta";
		};
		B78D000D299DF1FB00FF79F2 /* FirebaseAuth */ = {
			isa = XCSwiftPackageProductDependency;
			package = B78D0000299DF1FB00FF79F2 /* XCRemoteSwiftPackageReference "firebase-ios-sdk" */;
			productName = FirebaseAuth;
		};
		B78D000F299DF1FB00FF79F2 /* FirebaseAuthCombine-Community */ = {
			isa = XCSwiftPackageProductDependency;
			package = B78D0000299DF1FB00FF79F2 /* XCRemoteSwiftPackageReference "firebase-ios-sdk" */;
			productName = "FirebaseAuthCombine-Community";
		};
		B78D0011299DF1FB00FF79F2 /* FirebaseCrashlytics */ = {
			isa = XCSwiftPackageProductDependency;
			package = B78D0000299DF1FB00FF79F2 /* XCRemoteSwiftPackageReference "firebase-ios-sdk" */;
			productName = FirebaseCrashlytics;
		};
		B78D0013299DF1FB00FF79F2 /* FirebaseDatabase */ = {
			isa = XCSwiftPackageProductDependency;
			package = B78D0000299DF1FB00FF79F2 /* XCRemoteSwiftPackageReference "firebase-ios-sdk" */;
			productName = FirebaseDatabase;
		};
		B78D0015299DF1FB00FF79F2 /* FirebaseDatabaseSwift */ = {
			isa = XCSwiftPackageProductDependency;
			package = B78D0000299DF1FB00FF79F2 /* XCRemoteSwiftPackageReference "firebase-ios-sdk" */;
			productName = FirebaseDatabaseSwift;
		};
		B78D0017299DF1FB00FF79F2 /* FirebaseDynamicLinks */ = {
			isa = XCSwiftPackageProductDependency;
			package = B78D0000299DF1FB00FF79F2 /* XCRemoteSwiftPackageReference "firebase-ios-sdk" */;
			productName = FirebaseDynamicLinks;
		};
		B78D0019299DF1FB00FF79F2 /* FirebaseFirestore */ = {
			isa = XCSwiftPackageProductDependency;
			package = B78D0000299DF1FB00FF79F2 /* XCRemoteSwiftPackageReference "firebase-ios-sdk" */;
			productName = FirebaseFirestore;
		};
		B78D001B299DF1FB00FF79F2 /* FirebaseFirestoreCombine-Community */ = {
			isa = XCSwiftPackageProductDependency;
			package = B78D0000299DF1FB00FF79F2 /* XCRemoteSwiftPackageReference "firebase-ios-sdk" */;
			productName = "FirebaseFirestoreCombine-Community";
		};
		B78D001D299DF1FB00FF79F2 /* FirebaseFirestoreSwift */ = {
			isa = XCSwiftPackageProductDependency;
			package = B78D0000299DF1FB00FF79F2 /* XCRemoteSwiftPackageReference "firebase-ios-sdk" */;
			productName = FirebaseFirestoreSwift;
		};
		B78D001F299DF1FB00FF79F2 /* FirebaseFunctions */ = {
			isa = XCSwiftPackageProductDependency;
			package = B78D0000299DF1FB00FF79F2 /* XCRemoteSwiftPackageReference "firebase-ios-sdk" */;
			productName = FirebaseFunctions;
		};
		B78D0021299DF1FB00FF79F2 /* FirebaseFunctionsCombine-Community */ = {
			isa = XCSwiftPackageProductDependency;
			package = B78D0000299DF1FB00FF79F2 /* XCRemoteSwiftPackageReference "firebase-ios-sdk" */;
			productName = "FirebaseFunctionsCombine-Community";
		};
		B78D0023299DF1FB00FF79F2 /* FirebaseInAppMessaging-Beta */ = {
			isa = XCSwiftPackageProductDependency;
			package = B78D0000299DF1FB00FF79F2 /* XCRemoteSwiftPackageReference "firebase-ios-sdk" */;
			productName = "FirebaseInAppMessaging-Beta";
		};
		B78D0025299DF1FB00FF79F2 /* FirebaseInAppMessagingSwift-Beta */ = {
			isa = XCSwiftPackageProductDependency;
			package = B78D0000299DF1FB00FF79F2 /* XCRemoteSwiftPackageReference "firebase-ios-sdk" */;
			productName = "FirebaseInAppMessagingSwift-Beta";
		};
		B78D0027299DF1FB00FF79F2 /* FirebaseInstallations */ = {
			isa = XCSwiftPackageProductDependency;
			package = B78D0000299DF1FB00FF79F2 /* XCRemoteSwiftPackageReference "firebase-ios-sdk" */;
			productName = FirebaseInstallations;
		};
		B78D0029299DF1FB00FF79F2 /* FirebaseMLModelDownloader */ = {
			isa = XCSwiftPackageProductDependency;
			package = B78D0000299DF1FB00FF79F2 /* XCRemoteSwiftPackageReference "firebase-ios-sdk" */;
			productName = FirebaseMLModelDownloader;
		};
		B78D002B299DF1FB00FF79F2 /* FirebaseMessaging */ = {
			isa = XCSwiftPackageProductDependency;
			package = B78D0000299DF1FB00FF79F2 /* XCRemoteSwiftPackageReference "firebase-ios-sdk" */;
			productName = FirebaseMessaging;
		};
		B78D002D299DF1FB00FF79F2 /* FirebasePerformance */ = {
			isa = XCSwiftPackageProductDependency;
			package = B78D0000299DF1FB00FF79F2 /* XCRemoteSwiftPackageReference "firebase-ios-sdk" */;
			productName = FirebasePerformance;
		};
		B78D002F299DF1FB00FF79F2 /* FirebaseRemoteConfig */ = {
			isa = XCSwiftPackageProductDependency;
			package = B78D0000299DF1FB00FF79F2 /* XCRemoteSwiftPackageReference "firebase-ios-sdk" */;
			productName = FirebaseRemoteConfig;
		};
		B78D0031299DF1FB00FF79F2 /* FirebaseRemoteConfigSwift */ = {
			isa = XCSwiftPackageProductDependency;
			package = B78D0000299DF1FB00FF79F2 /* XCRemoteSwiftPackageReference "firebase-ios-sdk" */;
			productName = FirebaseRemoteConfigSwift;
		};
		B78D0033299DF1FB00FF79F2 /* FirebaseStorage */ = {
			isa = XCSwiftPackageProductDependency;
			package = B78D0000299DF1FB00FF79F2 /* XCRemoteSwiftPackageReference "firebase-ios-sdk" */;
			productName = FirebaseStorage;
		};
		B78D0035299DF1FB00FF79F2 /* FirebaseStorageCombine-Community */ = {
			isa = XCSwiftPackageProductDependency;
			package = B78D0000299DF1FB00FF79F2 /* XCRemoteSwiftPackageReference "firebase-ios-sdk" */;
			productName = "FirebaseStorageCombine-Community";
		};
		B790C4C62979367A00876698 /* Kingfisher */ = {
			isa = XCSwiftPackageProductDependency;
			package = B790C4C52979367A00876698 /* XCRemoteSwiftPackageReference "Kingfisher" */;
			productName = Kingfisher;
		};
		B7B0206629432FE6007C04AB /* KakaoSDK */ = {
			isa = XCSwiftPackageProductDependency;
			package = B7B0206529432FE6007C04AB /* XCRemoteSwiftPackageReference "kakao-ios-sdk" */;
			productName = KakaoSDK;
		};
		B7B0206829432FE6007C04AB /* KakaoSDKAuth */ = {
			isa = XCSwiftPackageProductDependency;
			package = B7B0206529432FE6007C04AB /* XCRemoteSwiftPackageReference "kakao-ios-sdk" */;
			productName = KakaoSDKAuth;
		};
		B7B0206A29432FE6007C04AB /* KakaoSDKCommon */ = {
			isa = XCSwiftPackageProductDependency;
			package = B7B0206529432FE6007C04AB /* XCRemoteSwiftPackageReference "kakao-ios-sdk" */;
			productName = KakaoSDKCommon;
		};
		B7B0206C29432FE6007C04AB /* KakaoSDKShare */ = {
			isa = XCSwiftPackageProductDependency;
			package = B7B0206529432FE6007C04AB /* XCRemoteSwiftPackageReference "kakao-ios-sdk" */;
			productName = KakaoSDKShare;
		};
		B7B0206E29432FE6007C04AB /* KakaoSDKUser */ = {
			isa = XCSwiftPackageProductDependency;
			package = B7B0206529432FE6007C04AB /* XCRemoteSwiftPackageReference "kakao-ios-sdk" */;
			productName = KakaoSDKUser;
		};
		B7B2E05228CF594800BD3E09 /* FSCalendar */ = {
			isa = XCSwiftPackageProductDependency;
			package = B7B2E05128CF594800BD3E09 /* XCRemoteSwiftPackageReference "FSCalendar" */;
			productName = FSCalendar;
		};
		B7C17A1D28E730AE0056F8F9 /* Charts */ = {
			isa = XCSwiftPackageProductDependency;
			package = B7C17A1C28E730AE0056F8F9 /* XCRemoteSwiftPackageReference "Charts" */;
			productName = Charts;
		};
		B7D442C228F6FF8C00994AD3 /* Alamofire */ = {
			isa = XCSwiftPackageProductDependency;
			package = B7D442C128F6FF8C00994AD3 /* XCRemoteSwiftPackageReference "Alamofire" */;
			productName = Alamofire;
		};
/* End XCSwiftPackageProductDependency section */
	};
	rootObject = B727D52928B70A8500773A12 /* Project object */;
}
