// !$*UTF8*$!
{
	archiveVersion = 1;
	classes = {
	};
	objectVersion = 55;
	objects = {

/* Begin PBXBuildFile section */
		B722FB8F28BA169C004AEEB2 /* RegisterViewController.swift in Sources */ = {isa = PBXBuildFile; fileRef = B722FB8E28BA169C004AEEB2 /* RegisterViewController.swift */; };
		B722FB9128BA16B9004AEEB2 /* PasswordResetAuthViewController.swift in Sources */ = {isa = PBXBuildFile; fileRef = B722FB9028BA16B9004AEEB2 /* PasswordResetAuthViewController.swift */; };
		B722FB9328BA16C2004AEEB2 /* PasswordResetViewController.swift in Sources */ = {isa = PBXBuildFile; fileRef = B722FB9228BA16C2004AEEB2 /* PasswordResetViewController.swift */; };
		B722FB9528BA19DD004AEEB2 /* BHAuthViewController.swift in Sources */ = {isa = PBXBuildFile; fileRef = B722FB9428BA19DD004AEEB2 /* BHAuthViewController.swift */; };
		B727D53528B70A8500773A12 /* AppDelegate.swift in Sources */ = {isa = PBXBuildFile; fileRef = B727D53428B70A8500773A12 /* AppDelegate.swift */; };
		B727D53728B70A8500773A12 /* SceneDelegate.swift in Sources */ = {isa = PBXBuildFile; fileRef = B727D53628B70A8500773A12 /* SceneDelegate.swift */; };
		B727D53928B70A8500773A12 /* HomeViewController.swift in Sources */ = {isa = PBXBuildFile; fileRef = B727D53828B70A8500773A12 /* HomeViewController.swift */; };
		B727D53E28B70A8600773A12 /* Assets.xcassets in Resources */ = {isa = PBXBuildFile; fileRef = B727D53D28B70A8600773A12 /* Assets.xcassets */; };
		B727D54128B70A8600773A12 /* LaunchScreen.storyboard in Resources */ = {isa = PBXBuildFile; fileRef = B727D53F28B70A8600773A12 /* LaunchScreen.storyboard */; };
		B727D54C28B70A8600773A12 /* Be_HealthyTests.swift in Sources */ = {isa = PBXBuildFile; fileRef = B727D54B28B70A8600773A12 /* Be_HealthyTests.swift */; };
		B727D55628B70A8600773A12 /* Be_HealthyUITests.swift in Sources */ = {isa = PBXBuildFile; fileRef = B727D55528B70A8600773A12 /* Be_HealthyUITests.swift */; };
		B727D55828B70A8600773A12 /* Be_HealthyUITestsLaunchTests.swift in Sources */ = {isa = PBXBuildFile; fileRef = B727D55728B70A8600773A12 /* Be_HealthyUITestsLaunchTests.swift */; };
		B727D56F28B716FB00773A12 /* LoginViewController.swift in Sources */ = {isa = PBXBuildFile; fileRef = B727D56E28B716FB00773A12 /* LoginViewController.swift */; };
		B727D57228B74EBE00773A12 /* SnapKit in Frameworks */ = {isa = PBXBuildFile; productRef = B727D57128B74EBE00773A12 /* SnapKit */; };
		B727D57528B74EC900773A12 /* Then in Frameworks */ = {isa = PBXBuildFile; productRef = B727D57428B74EC900773A12 /* Then */; };
		B727D57728B75EF900773A12 /* TitleView.swift in Sources */ = {isa = PBXBuildFile; fileRef = B727D57628B75EF900773A12 /* TitleView.swift */; };
		B727D57B28B7701800773A12 /* UITextField+Extension.swift in Sources */ = {isa = PBXBuildFile; fileRef = B727D57A28B7701800773A12 /* UITextField+Extension.swift */; };
		B727D57D28B7744200773A12 /* BHTextField.swift in Sources */ = {isa = PBXBuildFile; fileRef = B727D57C28B7744200773A12 /* BHTextField.swift */; };
		B727D57F28B8568300773A12 /* UIButton+Extension.swift in Sources */ = {isa = PBXBuildFile; fileRef = B727D57E28B8568300773A12 /* UIButton+Extension.swift */; };
		B727D58128B8628800773A12 /* UIColor+Extension.swift in Sources */ = {isa = PBXBuildFile; fileRef = B727D58028B8628800773A12 /* UIColor+Extension.swift */; };
		B727D58328B88AAE00773A12 /* UIImage+Extension.swift in Sources */ = {isa = PBXBuildFile; fileRef = B727D58228B88AAE00773A12 /* UIImage+Extension.swift */; };
		B727D58728B89CA100773A12 /* BHSubmitButton.swift in Sources */ = {isa = PBXBuildFile; fileRef = B727D58628B89CA100773A12 /* BHSubmitButton.swift */; };
		B7825BF128C19ACB005DF613 /* AddWorkOutViewController.swift in Sources */ = {isa = PBXBuildFile; fileRef = B7825BF028C19ACB005DF613 /* AddWorkOutViewController.swift */; };
		B7825BF328C1E3ED005DF613 /* IntensityButton.swift in Sources */ = {isa = PBXBuildFile; fileRef = B7825BF228C1E3ED005DF613 /* IntensityButton.swift */; };
		B7825BF728C5ACCD005DF613 /* ProfileViewController.swift in Sources */ = {isa = PBXBuildFile; fileRef = B7825BF628C5ACCD005DF613 /* ProfileViewController.swift */; };
		B7870A0C28C3330D00B07FC2 /* EmojiTextField.swift in Sources */ = {isa = PBXBuildFile; fileRef = B7870A0B28C3330D00B07FC2 /* EmojiTextField.swift */; };
		B792954628BC6447007D6045 /* ToastView.swift in Sources */ = {isa = PBXBuildFile; fileRef = B792954528BC6447007D6045 /* ToastView.swift */; };
		B792954828BCA33D007D6045 /* TabBarViewController.swift in Sources */ = {isa = PBXBuildFile; fileRef = B792954728BCA33D007D6045 /* TabBarViewController.swift */; };
		B7B2E05328CF594800BD3E09 /* FSCalendar in Frameworks */ = {isa = PBXBuildFile; productRef = B7B2E05228CF594800BD3E09 /* FSCalendar */; };
		B7BDD7F728D59AEC000E644A /* TopThreeCollectionViewCell.swift in Sources */ = {isa = PBXBuildFile; fileRef = B7BDD7F528D59AEC000E644A /* TopThreeCollectionViewCell.swift */; };
		B7BDD7F828D59AEC000E644A /* TopThreeCollectionViewCell.xib in Resources */ = {isa = PBXBuildFile; fileRef = B7BDD7F628D59AEC000E644A /* TopThreeCollectionViewCell.xib */; };
		B7C17A1E28E730AE0056F8F9 /* Charts in Frameworks */ = {isa = PBXBuildFile; productRef = B7C17A1D28E730AE0056F8F9 /* Charts */; };
		B7C7BAF928EEF82100CC574E /* LeftAxisValueFormatter.swift in Sources */ = {isa = PBXBuildFile; fileRef = B7C7BAF828EEF82100CC574E /* LeftAxisValueFormatter.swift */; };
		B7CFA25F28D5B0F200E9DC12 /* RecordListCollectionViewCell.swift in Sources */ = {isa = PBXBuildFile; fileRef = B7CFA25D28D5B0F200E9DC12 /* RecordListCollectionViewCell.swift */; };
		B7CFA26028D5B0F200E9DC12 /* RecordListCollectionViewCell.xib in Resources */ = {isa = PBXBuildFile; fileRef = B7CFA25E28D5B0F200E9DC12 /* RecordListCollectionViewCell.xib */; };
		B7CFA26328D5C79000E9DC12 /* RecordListCollectionViewHeader.swift in Sources */ = {isa = PBXBuildFile; fileRef = B7CFA26128D5C79000E9DC12 /* RecordListCollectionViewHeader.swift */; };
		B7CFA26428D5C79000E9DC12 /* RecordListCollectionViewHeader.xib in Resources */ = {isa = PBXBuildFile; fileRef = B7CFA26228D5C79000E9DC12 /* RecordListCollectionViewHeader.xib */; };
		B7D1E4AF28CB68FB008C5E0C /* BHTextFieldView.swift in Sources */ = {isa = PBXBuildFile; fileRef = B7D1E4AE28CB68FB008C5E0C /* BHTextFieldView.swift */; };
		B7D1E4B128CB7075008C5E0C /* AccountSettingViewController.swift in Sources */ = {isa = PBXBuildFile; fileRef = B7D1E4B028CB7075008C5E0C /* AccountSettingViewController.swift */; };
		B7D1E4B328CB8AA5008C5E0C /* GoalTimeSettingView.swift in Sources */ = {isa = PBXBuildFile; fileRef = B7D1E4B228CB8AA5008C5E0C /* GoalTimeSettingView.swift */; };
		B7D1E4B528CBA0B5008C5E0C /* DeleteIdViewController.swift in Sources */ = {isa = PBXBuildFile; fileRef = B7D1E4B428CBA0B5008C5E0C /* DeleteIdViewController.swift */; };
		B7F2BC2E28CF4AF500413836 /* CalendarViewController.swift in Sources */ = {isa = PBXBuildFile; fileRef = B7F2BC2D28CF4AF500413836 /* CalendarViewController.swift */; };
/* End PBXBuildFile section */

/* Begin PBXContainerItemProxy section */
		B727D54828B70A8600773A12 /* PBXContainerItemProxy */ = {
			isa = PBXContainerItemProxy;
			containerPortal = B727D52928B70A8500773A12 /* Project object */;
			proxyType = 1;
			remoteGlobalIDString = B727D53028B70A8500773A12;
			remoteInfo = "Be-Healthy";
		};
		B727D55228B70A8600773A12 /* PBXContainerItemProxy */ = {
			isa = PBXContainerItemProxy;
			containerPortal = B727D52928B70A8500773A12 /* Project object */;
			proxyType = 1;
			remoteGlobalIDString = B727D53028B70A8500773A12;
			remoteInfo = "Be-Healthy";
		};
/* End PBXContainerItemProxy section */

/* Begin PBXFileReference section */
		B722FB8E28BA169C004AEEB2 /* RegisterViewController.swift */ = {isa = PBXFileReference; lastKnownFileType = sourcecode.swift; path = RegisterViewController.swift; sourceTree = "<group>"; };
		B722FB9028BA16B9004AEEB2 /* PasswordResetAuthViewController.swift */ = {isa = PBXFileReference; lastKnownFileType = sourcecode.swift; path = PasswordResetAuthViewController.swift; sourceTree = "<group>"; };
		B722FB9228BA16C2004AEEB2 /* PasswordResetViewController.swift */ = {isa = PBXFileReference; lastKnownFileType = sourcecode.swift; path = PasswordResetViewController.swift; sourceTree = "<group>"; };
		B722FB9428BA19DD004AEEB2 /* BHAuthViewController.swift */ = {isa = PBXFileReference; lastKnownFileType = sourcecode.swift; path = BHAuthViewController.swift; sourceTree = "<group>"; };
		B727D53128B70A8500773A12 /* Be-Healthy.app */ = {isa = PBXFileReference; explicitFileType = wrapper.application; includeInIndex = 0; path = "Be-Healthy.app"; sourceTree = BUILT_PRODUCTS_DIR; };
		B727D53428B70A8500773A12 /* AppDelegate.swift */ = {isa = PBXFileReference; lastKnownFileType = sourcecode.swift; path = AppDelegate.swift; sourceTree = "<group>"; };
		B727D53628B70A8500773A12 /* SceneDelegate.swift */ = {isa = PBXFileReference; lastKnownFileType = sourcecode.swift; path = SceneDelegate.swift; sourceTree = "<group>"; };
		B727D53828B70A8500773A12 /* HomeViewController.swift */ = {isa = PBXFileReference; lastKnownFileType = sourcecode.swift; path = HomeViewController.swift; sourceTree = "<group>"; };
		B727D53D28B70A8600773A12 /* Assets.xcassets */ = {isa = PBXFileReference; lastKnownFileType = folder.assetcatalog; path = Assets.xcassets; sourceTree = "<group>"; };
		B727D54028B70A8600773A12 /* Base */ = {isa = PBXFileReference; lastKnownFileType = file.storyboard; name = Base; path = Base.lproj/LaunchScreen.storyboard; sourceTree = "<group>"; };
		B727D54228B70A8600773A12 /* Info.plist */ = {isa = PBXFileReference; lastKnownFileType = text.plist.xml; path = Info.plist; sourceTree = "<group>"; };
		B727D54728B70A8600773A12 /* Be-HealthyTests.xctest */ = {isa = PBXFileReference; explicitFileType = wrapper.cfbundle; includeInIndex = 0; path = "Be-HealthyTests.xctest"; sourceTree = BUILT_PRODUCTS_DIR; };
		B727D54B28B70A8600773A12 /* Be_HealthyTests.swift */ = {isa = PBXFileReference; lastKnownFileType = sourcecode.swift; path = Be_HealthyTests.swift; sourceTree = "<group>"; };
		B727D55128B70A8600773A12 /* Be-HealthyUITests.xctest */ = {isa = PBXFileReference; explicitFileType = wrapper.cfbundle; includeInIndex = 0; path = "Be-HealthyUITests.xctest"; sourceTree = BUILT_PRODUCTS_DIR; };
		B727D55528B70A8600773A12 /* Be_HealthyUITests.swift */ = {isa = PBXFileReference; lastKnownFileType = sourcecode.swift; path = Be_HealthyUITests.swift; sourceTree = "<group>"; };
		B727D55728B70A8600773A12 /* Be_HealthyUITestsLaunchTests.swift */ = {isa = PBXFileReference; lastKnownFileType = sourcecode.swift; path = Be_HealthyUITestsLaunchTests.swift; sourceTree = "<group>"; };
		B727D56E28B716FB00773A12 /* LoginViewController.swift */ = {isa = PBXFileReference; lastKnownFileType = sourcecode.swift; path = LoginViewController.swift; sourceTree = "<group>"; };
		B727D57628B75EF900773A12 /* TitleView.swift */ = {isa = PBXFileReference; lastKnownFileType = sourcecode.swift; path = TitleView.swift; sourceTree = "<group>"; };
		B727D57A28B7701800773A12 /* UITextField+Extension.swift */ = {isa = PBXFileReference; lastKnownFileType = sourcecode.swift; path = "UITextField+Extension.swift"; sourceTree = "<group>"; };
		B727D57C28B7744200773A12 /* BHTextField.swift */ = {isa = PBXFileReference; lastKnownFileType = sourcecode.swift; path = BHTextField.swift; sourceTree = "<group>"; };
		B727D57E28B8568300773A12 /* UIButton+Extension.swift */ = {isa = PBXFileReference; lastKnownFileType = sourcecode.swift; path = "UIButton+Extension.swift"; sourceTree = "<group>"; };
		B727D58028B8628800773A12 /* UIColor+Extension.swift */ = {isa = PBXFileReference; lastKnownFileType = sourcecode.swift; path = "UIColor+Extension.swift"; sourceTree = "<group>"; };
		B727D58228B88AAE00773A12 /* UIImage+Extension.swift */ = {isa = PBXFileReference; lastKnownFileType = sourcecode.swift; path = "UIImage+Extension.swift"; sourceTree = "<group>"; };
		B727D58628B89CA100773A12 /* BHSubmitButton.swift */ = {isa = PBXFileReference; lastKnownFileType = sourcecode.swift; path = BHSubmitButton.swift; sourceTree = "<group>"; };
		B7825BF028C19ACB005DF613 /* AddWorkOutViewController.swift */ = {isa = PBXFileReference; lastKnownFileType = sourcecode.swift; path = AddWorkOutViewController.swift; sourceTree = "<group>"; };
		B7825BF228C1E3ED005DF613 /* IntensityButton.swift */ = {isa = PBXFileReference; lastKnownFileType = sourcecode.swift; path = IntensityButton.swift; sourceTree = "<group>"; };
		B7825BF628C5ACCD005DF613 /* ProfileViewController.swift */ = {isa = PBXFileReference; lastKnownFileType = sourcecode.swift; path = ProfileViewController.swift; sourceTree = "<group>"; };
		B7870A0B28C3330D00B07FC2 /* EmojiTextField.swift */ = {isa = PBXFileReference; lastKnownFileType = sourcecode.swift; path = EmojiTextField.swift; sourceTree = "<group>"; };
		B792954528BC6447007D6045 /* ToastView.swift */ = {isa = PBXFileReference; lastKnownFileType = sourcecode.swift; path = ToastView.swift; sourceTree = "<group>"; };
		B792954728BCA33D007D6045 /* TabBarViewController.swift */ = {isa = PBXFileReference; lastKnownFileType = sourcecode.swift; path = TabBarViewController.swift; sourceTree = "<group>"; };
		B7BDD7F528D59AEC000E644A /* TopThreeCollectionViewCell.swift */ = {isa = PBXFileReference; lastKnownFileType = sourcecode.swift; path = TopThreeCollectionViewCell.swift; sourceTree = "<group>"; };
		B7BDD7F628D59AEC000E644A /* TopThreeCollectionViewCell.xib */ = {isa = PBXFileReference; lastKnownFileType = file.xib; path = TopThreeCollectionViewCell.xib; sourceTree = "<group>"; };
		B7C7BAF828EEF82100CC574E /* LeftAxisValueFormatter.swift */ = {isa = PBXFileReference; lastKnownFileType = sourcecode.swift; path = LeftAxisValueFormatter.swift; sourceTree = "<group>"; };
		B7CFA25D28D5B0F200E9DC12 /* RecordListCollectionViewCell.swift */ = {isa = PBXFileReference; lastKnownFileType = sourcecode.swift; path = RecordListCollectionViewCell.swift; sourceTree = "<group>"; };
		B7CFA25E28D5B0F200E9DC12 /* RecordListCollectionViewCell.xib */ = {isa = PBXFileReference; lastKnownFileType = file.xib; path = RecordListCollectionViewCell.xib; sourceTree = "<group>"; };
		B7CFA26128D5C79000E9DC12 /* RecordListCollectionViewHeader.swift */ = {isa = PBXFileReference; lastKnownFileType = sourcecode.swift; path = RecordListCollectionViewHeader.swift; sourceTree = "<group>"; };
		B7CFA26228D5C79000E9DC12 /* RecordListCollectionViewHeader.xib */ = {isa = PBXFileReference; lastKnownFileType = file.xib; path = RecordListCollectionViewHeader.xib; sourceTree = "<group>"; };
		B7D1E4AE28CB68FB008C5E0C /* BHTextFieldView.swift */ = {isa = PBXFileReference; lastKnownFileType = sourcecode.swift; path = BHTextFieldView.swift; sourceTree = "<group>"; };
		B7D1E4B028CB7075008C5E0C /* AccountSettingViewController.swift */ = {isa = PBXFileReference; lastKnownFileType = sourcecode.swift; path = AccountSettingViewController.swift; sourceTree = "<group>"; };
		B7D1E4B228CB8AA5008C5E0C /* GoalTimeSettingView.swift */ = {isa = PBXFileReference; lastKnownFileType = sourcecode.swift; path = GoalTimeSettingView.swift; sourceTree = "<group>"; };
		B7D1E4B428CBA0B5008C5E0C /* DeleteIdViewController.swift */ = {isa = PBXFileReference; lastKnownFileType = sourcecode.swift; path = DeleteIdViewController.swift; sourceTree = "<group>"; };
		B7F2BC2D28CF4AF500413836 /* CalendarViewController.swift */ = {isa = PBXFileReference; lastKnownFileType = sourcecode.swift; path = CalendarViewController.swift; sourceTree = "<group>"; };
/* End PBXFileReference section */

/* Begin PBXFrameworksBuildPhase section */
		B727D52E28B70A8500773A12 /* Frameworks */ = {
			isa = PBXFrameworksBuildPhase;
			buildActionMask = 2147483647;
			files = (
				B727D57228B74EBE00773A12 /* SnapKit in Frameworks */,
				B7B2E05328CF594800BD3E09 /* FSCalendar in Frameworks */,
				B727D57528B74EC900773A12 /* Then in Frameworks */,
				B7C17A1E28E730AE0056F8F9 /* Charts in Frameworks */,
			);
			runOnlyForDeploymentPostprocessing = 0;
		};
		B727D54428B70A8600773A12 /* Frameworks */ = {
			isa = PBXFrameworksBuildPhase;
			buildActionMask = 2147483647;
			files = (
			);
			runOnlyForDeploymentPostprocessing = 0;
		};
		B727D54E28B70A8600773A12 /* Frameworks */ = {
			isa = PBXFrameworksBuildPhase;
			buildActionMask = 2147483647;
			files = (
			);
			runOnlyForDeploymentPostprocessing = 0;
		};
/* End PBXFrameworksBuildPhase section */

/* Begin PBXGroup section */
		B727D52828B70A8500773A12 = {
			isa = PBXGroup;
			children = (
				B727D53328B70A8500773A12 /* Be-Healthy */,
				B727D54A28B70A8600773A12 /* Be-HealthyTests */,
				B727D55428B70A8600773A12 /* Be-HealthyUITests */,
				B727D53228B70A8500773A12 /* Products */,
			);
			sourceTree = "<group>";
		};
		B727D53228B70A8500773A12 /* Products */ = {
			isa = PBXGroup;
			children = (
				B727D53128B70A8500773A12 /* Be-Healthy.app */,
				B727D54728B70A8600773A12 /* Be-HealthyTests.xctest */,
				B727D55128B70A8600773A12 /* Be-HealthyUITests.xctest */,
			);
			name = Products;
			sourceTree = "<group>";
		};
		B727D53328B70A8500773A12 /* Be-Healthy */ = {
			isa = PBXGroup;
			children = (
				B727D56428B7147A00773A12 /* App */,
				B727D56628B7158E00773A12 /* Helper */,
				B727D56828B7166E00773A12 /* Component */,
				B727D56B28B716BD00773A12 /* UserInterfaces */,
				B727D53D28B70A8600773A12 /* Assets.xcassets */,
				B727D53F28B70A8600773A12 /* LaunchScreen.storyboard */,
				B727D54228B70A8600773A12 /* Info.plist */,
			);
			path = "Be-Healthy";
			sourceTree = "<group>";
		};
		B727D54A28B70A8600773A12 /* Be-HealthyTests */ = {
			isa = PBXGroup;
			children = (
				B727D54B28B70A8600773A12 /* Be_HealthyTests.swift */,
			);
			path = "Be-HealthyTests";
			sourceTree = "<group>";
		};
		B727D55428B70A8600773A12 /* Be-HealthyUITests */ = {
			isa = PBXGroup;
			children = (
				B727D55528B70A8600773A12 /* Be_HealthyUITests.swift */,
				B727D55728B70A8600773A12 /* Be_HealthyUITestsLaunchTests.swift */,
			);
			path = "Be-HealthyUITests";
			sourceTree = "<group>";
		};
		B727D56428B7147A00773A12 /* App */ = {
			isa = PBXGroup;
			children = (
				B727D53428B70A8500773A12 /* AppDelegate.swift */,
				B727D53628B70A8500773A12 /* SceneDelegate.swift */,
			);
			path = App;
			sourceTree = "<group>";
		};
		B727D56628B7158E00773A12 /* Helper */ = {
			isa = PBXGroup;
			children = (
				B727D57A28B7701800773A12 /* UITextField+Extension.swift */,
				B727D57E28B8568300773A12 /* UIButton+Extension.swift */,
				B727D58028B8628800773A12 /* UIColor+Extension.swift */,
				B727D58228B88AAE00773A12 /* UIImage+Extension.swift */,
				B7C7BAF828EEF82100CC574E /* LeftAxisValueFormatter.swift */,
			);
			path = Helper;
			sourceTree = "<group>";
		};
		B727D56828B7166E00773A12 /* Component */ = {
			isa = PBXGroup;
			children = (
				B727D57628B75EF900773A12 /* TitleView.swift */,
				B792954528BC6447007D6045 /* ToastView.swift */,
				B7825BF228C1E3ED005DF613 /* IntensityButton.swift */,
				B727D57C28B7744200773A12 /* BHTextField.swift */,
				B7D1E4AE28CB68FB008C5E0C /* BHTextFieldView.swift */,
				B727D58628B89CA100773A12 /* BHSubmitButton.swift */,
				B722FB9428BA19DD004AEEB2 /* BHAuthViewController.swift */,
				B7870A0B28C3330D00B07FC2 /* EmojiTextField.swift */,
			);
			path = Component;
			sourceTree = "<group>";
		};
		B727D56B28B716BD00773A12 /* UserInterfaces */ = {
			isa = PBXGroup;
			children = (
				B792954928BCA344007D6045 /* Layout */,
				B727D56C28B716CD00773A12 /* Authentication */,
				B7825BF428C596FC005DF613 /* AddWorkOut */,
				B7825BF528C5ACBC005DF613 /* Profile */,
				B7F2BC2C28CF4AE300413836 /* Calendar */,
				B727D53828B70A8500773A12 /* HomeViewController.swift */,
			);
			path = UserInterfaces;
			sourceTree = "<group>";
		};
		B727D56C28B716CD00773A12 /* Authentication */ = {
			isa = PBXGroup;
			children = (
				B727D56E28B716FB00773A12 /* LoginViewController.swift */,
				B722FB8E28BA169C004AEEB2 /* RegisterViewController.swift */,
				B722FB9028BA16B9004AEEB2 /* PasswordResetAuthViewController.swift */,
				B722FB9228BA16C2004AEEB2 /* PasswordResetViewController.swift */,
			);
			path = Authentication;
			sourceTree = "<group>";
		};
		B7825BF428C596FC005DF613 /* AddWorkOut */ = {
			isa = PBXGroup;
			children = (
				B7825BF028C19ACB005DF613 /* AddWorkOutViewController.swift */,
			);
			path = AddWorkOut;
			sourceTree = "<group>";
		};
		B7825BF528C5ACBC005DF613 /* Profile */ = {
			isa = PBXGroup;
			children = (
				B7825BF628C5ACCD005DF613 /* ProfileViewController.swift */,
				B7D1E4B028CB7075008C5E0C /* AccountSettingViewController.swift */,
				B7D1E4B228CB8AA5008C5E0C /* GoalTimeSettingView.swift */,
				B7D1E4B428CBA0B5008C5E0C /* DeleteIdViewController.swift */,
			);
			path = Profile;
			sourceTree = "<group>";
		};
		B792954928BCA344007D6045 /* Layout */ = {
			isa = PBXGroup;
			children = (
				B792954728BCA33D007D6045 /* TabBarViewController.swift */,
			);
			path = Layout;
			sourceTree = "<group>";
		};
		B7BDD7F428D59A86000E644A /* Cells */ = {
			isa = PBXGroup;
			children = (
				B7BDD7F528D59AEC000E644A /* TopThreeCollectionViewCell.swift */,
				B7BDD7F628D59AEC000E644A /* TopThreeCollectionViewCell.xib */,
				B7CFA25D28D5B0F200E9DC12 /* RecordListCollectionViewCell.swift */,
				B7CFA25E28D5B0F200E9DC12 /* RecordListCollectionViewCell.xib */,
				B7CFA26128D5C79000E9DC12 /* RecordListCollectionViewHeader.swift */,
				B7CFA26228D5C79000E9DC12 /* RecordListCollectionViewHeader.xib */,
			);
			path = Cells;
			sourceTree = "<group>";
		};
		B7F2BC2C28CF4AE300413836 /* Calendar */ = {
			isa = PBXGroup;
			children = (
				B7BDD7F428D59A86000E644A /* Cells */,
				B7F2BC2D28CF4AF500413836 /* CalendarViewController.swift */,
			);
			path = Calendar;
			sourceTree = "<group>";
		};
/* End PBXGroup section */

/* Begin PBXNativeTarget section */
		B727D53028B70A8500773A12 /* Be-Healthy */ = {
			isa = PBXNativeTarget;
			buildConfigurationList = B727D55B28B70A8600773A12 /* Build configuration list for PBXNativeTarget "Be-Healthy" */;
			buildPhases = (
				B727D52D28B70A8500773A12 /* Sources */,
				B727D52E28B70A8500773A12 /* Frameworks */,
				B727D52F28B70A8500773A12 /* Resources */,
			);
			buildRules = (
			);
			dependencies = (
			);
			name = "Be-Healthy";
			packageProductDependencies = (
				B727D57128B74EBE00773A12 /* SnapKit */,
				B727D57428B74EC900773A12 /* Then */,
				B7B2E05228CF594800BD3E09 /* FSCalendar */,
				B7C17A1D28E730AE0056F8F9 /* Charts */,
			);
			productName = "Be-Healthy";
			productReference = B727D53128B70A8500773A12 /* Be-Healthy.app */;
			productType = "com.apple.product-type.application";
		};
		B727D54628B70A8600773A12 /* Be-HealthyTests */ = {
			isa = PBXNativeTarget;
			buildConfigurationList = B727D55E28B70A8600773A12 /* Build configuration list for PBXNativeTarget "Be-HealthyTests" */;
			buildPhases = (
				B727D54328B70A8600773A12 /* Sources */,
				B727D54428B70A8600773A12 /* Frameworks */,
				B727D54528B70A8600773A12 /* Resources */,
			);
			buildRules = (
			);
			dependencies = (
				B727D54928B70A8600773A12 /* PBXTargetDependency */,
			);
			name = "Be-HealthyTests";
			productName = "Be-HealthyTests";
			productReference = B727D54728B70A8600773A12 /* Be-HealthyTests.xctest */;
			productType = "com.apple.product-type.bundle.unit-test";
		};
		B727D55028B70A8600773A12 /* Be-HealthyUITests */ = {
			isa = PBXNativeTarget;
			buildConfigurationList = B727D56128B70A8600773A12 /* Build configuration list for PBXNativeTarget "Be-HealthyUITests" */;
			buildPhases = (
				B727D54D28B70A8600773A12 /* Sources */,
				B727D54E28B70A8600773A12 /* Frameworks */,
				B727D54F28B70A8600773A12 /* Resources */,
			);
			buildRules = (
			);
			dependencies = (
				B727D55328B70A8600773A12 /* PBXTargetDependency */,
			);
			name = "Be-HealthyUITests";
			productName = "Be-HealthyUITests";
			productReference = B727D55128B70A8600773A12 /* Be-HealthyUITests.xctest */;
			productType = "com.apple.product-type.bundle.ui-testing";
		};
/* End PBXNativeTarget section */

/* Begin PBXProject section */
		B727D52928B70A8500773A12 /* Project object */ = {
			isa = PBXProject;
			attributes = {
				BuildIndependentTargetsInParallel = 1;
				LastSwiftUpdateCheck = 1340;
				LastUpgradeCheck = 1340;
				TargetAttributes = {
					B727D53028B70A8500773A12 = {
						CreatedOnToolsVersion = 13.4.1;
					};
					B727D54628B70A8600773A12 = {
						CreatedOnToolsVersion = 13.4.1;
						TestTargetID = B727D53028B70A8500773A12;
					};
					B727D55028B70A8600773A12 = {
						CreatedOnToolsVersion = 13.4.1;
						TestTargetID = B727D53028B70A8500773A12;
					};
				};
			};
			buildConfigurationList = B727D52C28B70A8500773A12 /* Build configuration list for PBXProject "Be-Healthy" */;
			compatibilityVersion = "Xcode 13.0";
			developmentRegion = en;
			hasScannedForEncodings = 0;
			knownRegions = (
				en,
				Base,
			);
			mainGroup = B727D52828B70A8500773A12;
			packageReferences = (
				B727D57028B74EBE00773A12 /* XCRemoteSwiftPackageReference "SnapKit" */,
				B727D57328B74EC900773A12 /* XCRemoteSwiftPackageReference "Then" */,
				B7B2E05128CF594800BD3E09 /* XCRemoteSwiftPackageReference "FSCalendar" */,
				B7C17A1C28E730AE0056F8F9 /* XCRemoteSwiftPackageReference "Charts" */,
			);
			productRefGroup = B727D53228B70A8500773A12 /* Products */;
			projectDirPath = "";
			projectRoot = "";
			targets = (
				B727D53028B70A8500773A12 /* Be-Healthy */,
				B727D54628B70A8600773A12 /* Be-HealthyTests */,
				B727D55028B70A8600773A12 /* Be-HealthyUITests */,
			);
		};
/* End PBXProject section */

/* Begin PBXResourcesBuildPhase section */
		B727D52F28B70A8500773A12 /* Resources */ = {
			isa = PBXResourcesBuildPhase;
			buildActionMask = 2147483647;
			files = (
				B727D54128B70A8600773A12 /* LaunchScreen.storyboard in Resources */,
				B7BDD7F828D59AEC000E644A /* TopThreeCollectionViewCell.xib in Resources */,
				B7CFA26028D5B0F200E9DC12 /* RecordListCollectionViewCell.xib in Resources */,
				B727D53E28B70A8600773A12 /* Assets.xcassets in Resources */,
				B7CFA26428D5C79000E9DC12 /* RecordListCollectionViewHeader.xib in Resources */,
			);
			runOnlyForDeploymentPostprocessing = 0;
		};
		B727D54528B70A8600773A12 /* Resources */ = {
			isa = PBXResourcesBuildPhase;
			buildActionMask = 2147483647;
			files = (
			);
			runOnlyForDeploymentPostprocessing = 0;
		};
		B727D54F28B70A8600773A12 /* Resources */ = {
			isa = PBXResourcesBuildPhase;
			buildActionMask = 2147483647;
			files = (
			);
			runOnlyForDeploymentPostprocessing = 0;
		};
/* End PBXResourcesBuildPhase section */

/* Begin PBXSourcesBuildPhase section */
		B727D52D28B70A8500773A12 /* Sources */ = {
			isa = PBXSourcesBuildPhase;
			buildActionMask = 2147483647;
			files = (
				B792954628BC6447007D6045 /* ToastView.swift in Sources */,
				B722FB9528BA19DD004AEEB2 /* BHAuthViewController.swift in Sources */,
				B7D1E4AF28CB68FB008C5E0C /* BHTextFieldView.swift in Sources */,
				B7825BF328C1E3ED005DF613 /* IntensityButton.swift in Sources */,
				B727D56F28B716FB00773A12 /* LoginViewController.swift in Sources */,
				B7870A0C28C3330D00B07FC2 /* EmojiTextField.swift in Sources */,
				B7D1E4B128CB7075008C5E0C /* AccountSettingViewController.swift in Sources */,
				B722FB9328BA16C2004AEEB2 /* PasswordResetViewController.swift in Sources */,
				B7F2BC2E28CF4AF500413836 /* CalendarViewController.swift in Sources */,
				B727D58728B89CA100773A12 /* BHSubmitButton.swift in Sources */,
				B727D53928B70A8500773A12 /* HomeViewController.swift in Sources */,
				B7BDD7F728D59AEC000E644A /* TopThreeCollectionViewCell.swift in Sources */,
				B727D53528B70A8500773A12 /* AppDelegate.swift in Sources */,
				B727D58128B8628800773A12 /* UIColor+Extension.swift in Sources */,
				B727D57D28B7744200773A12 /* BHTextField.swift in Sources */,
				B7D1E4B528CBA0B5008C5E0C /* DeleteIdViewController.swift in Sources */,
				B792954828BCA33D007D6045 /* TabBarViewController.swift in Sources */,
				B727D57B28B7701800773A12 /* UITextField+Extension.swift in Sources */,
				B7D1E4B328CB8AA5008C5E0C /* GoalTimeSettingView.swift in Sources */,
				B727D57F28B8568300773A12 /* UIButton+Extension.swift in Sources */,
				B722FB9128BA16B9004AEEB2 /* PasswordResetAuthViewController.swift in Sources */,
				B727D58328B88AAE00773A12 /* UIImage+Extension.swift in Sources */,
				B722FB8F28BA169C004AEEB2 /* RegisterViewController.swift in Sources */,
				B7CFA25F28D5B0F200E9DC12 /* RecordListCollectionViewCell.swift in Sources */,
				B727D53728B70A8500773A12 /* SceneDelegate.swift in Sources */,
				B7CFA26328D5C79000E9DC12 /* RecordListCollectionViewHeader.swift in Sources */,
				B7C7BAF928EEF82100CC574E /* LeftAxisValueFormatter.swift in Sources */,
				B7825BF728C5ACCD005DF613 /* ProfileViewController.swift in Sources */,
				B7825BF128C19ACB005DF613 /* AddWorkOutViewController.swift in Sources */,
				B727D57728B75EF900773A12 /* TitleView.swift in Sources */,
			);
			runOnlyForDeploymentPostprocessing = 0;
		};
		B727D54328B70A8600773A12 /* Sources */ = {
			isa = PBXSourcesBuildPhase;
			buildActionMask = 2147483647;
			files = (
				B727D54C28B70A8600773A12 /* Be_HealthyTests.swift in Sources */,
			);
			runOnlyForDeploymentPostprocessing = 0;
		};
		B727D54D28B70A8600773A12 /* Sources */ = {
			isa = PBXSourcesBuildPhase;
			buildActionMask = 2147483647;
			files = (
				B727D55628B70A8600773A12 /* Be_HealthyUITests.swift in Sources */,
				B727D55828B70A8600773A12 /* Be_HealthyUITestsLaunchTests.swift in Sources */,
			);
			runOnlyForDeploymentPostprocessing = 0;
		};
/* End PBXSourcesBuildPhase section */

/* Begin PBXTargetDependency section */
		B727D54928B70A8600773A12 /* PBXTargetDependency */ = {
			isa = PBXTargetDependency;
			target = B727D53028B70A8500773A12 /* Be-Healthy */;
			targetProxy = B727D54828B70A8600773A12 /* PBXContainerItemProxy */;
		};
		B727D55328B70A8600773A12 /* PBXTargetDependency */ = {
			isa = PBXTargetDependency;
			target = B727D53028B70A8500773A12 /* Be-Healthy */;
			targetProxy = B727D55228B70A8600773A12 /* PBXContainerItemProxy */;
		};
/* End PBXTargetDependency section */

/* Begin PBXVariantGroup section */
		B727D53F28B70A8600773A12 /* LaunchScreen.storyboard */ = {
			isa = PBXVariantGroup;
			children = (
				B727D54028B70A8600773A12 /* Base */,
			);
			name = LaunchScreen.storyboard;
			sourceTree = "<group>";
		};
/* End PBXVariantGroup section */

/* Begin XCBuildConfiguration section */
		B727D55928B70A8600773A12 /* Debug */ = {
			isa = XCBuildConfiguration;
			buildSettings = {
				ALWAYS_SEARCH_USER_PATHS = NO;
				CLANG_ANALYZER_NONNULL = YES;
				CLANG_ANALYZER_NUMBER_OBJECT_CONVERSION = YES_AGGRESSIVE;
				CLANG_CXX_LANGUAGE_STANDARD = "gnu++17";
				CLANG_ENABLE_MODULES = YES;
				CLANG_ENABLE_OBJC_ARC = YES;
				CLANG_ENABLE_OBJC_WEAK = YES;
				CLANG_WARN_BLOCK_CAPTURE_AUTORELEASING = YES;
				CLANG_WARN_BOOL_CONVERSION = YES;
				CLANG_WARN_COMMA = YES;
				CLANG_WARN_CONSTANT_CONVERSION = YES;
				CLANG_WARN_DEPRECATED_OBJC_IMPLEMENTATIONS = YES;
				CLANG_WARN_DIRECT_OBJC_ISA_USAGE = YES_ERROR;
				CLANG_WARN_DOCUMENTATION_COMMENTS = YES;
				CLANG_WARN_EMPTY_BODY = YES;
				CLANG_WARN_ENUM_CONVERSION = YES;
				CLANG_WARN_INFINITE_RECURSION = YES;
				CLANG_WARN_INT_CONVERSION = YES;
				CLANG_WARN_NON_LITERAL_NULL_CONVERSION = YES;
				CLANG_WARN_OBJC_IMPLICIT_RETAIN_SELF = YES;
				CLANG_WARN_OBJC_LITERAL_CONVERSION = YES;
				CLANG_WARN_OBJC_ROOT_CLASS = YES_ERROR;
				CLANG_WARN_QUOTED_INCLUDE_IN_FRAMEWORK_HEADER = YES;
				CLANG_WARN_RANGE_LOOP_ANALYSIS = YES;
				CLANG_WARN_STRICT_PROTOTYPES = YES;
				CLANG_WARN_SUSPICIOUS_MOVE = YES;
				CLANG_WARN_UNGUARDED_AVAILABILITY = YES_AGGRESSIVE;
				CLANG_WARN_UNREACHABLE_CODE = YES;
				CLANG_WARN__DUPLICATE_METHOD_MATCH = YES;
				COPY_PHASE_STRIP = NO;
				DEBUG_INFORMATION_FORMAT = dwarf;
				ENABLE_STRICT_OBJC_MSGSEND = YES;
				ENABLE_TESTABILITY = YES;
				GCC_C_LANGUAGE_STANDARD = gnu11;
				GCC_DYNAMIC_NO_PIC = NO;
				GCC_NO_COMMON_BLOCKS = YES;
				GCC_OPTIMIZATION_LEVEL = 0;
				GCC_PREPROCESSOR_DEFINITIONS = (
					"DEBUG=1",
					"$(inherited)",
				);
				GCC_WARN_64_TO_32_BIT_CONVERSION = YES;
				GCC_WARN_ABOUT_RETURN_TYPE = YES_ERROR;
				GCC_WARN_UNDECLARED_SELECTOR = YES;
				GCC_WARN_UNINITIALIZED_AUTOS = YES_AGGRESSIVE;
				GCC_WARN_UNUSED_FUNCTION = YES;
				GCC_WARN_UNUSED_VARIABLE = YES;
				INFOPLIST_KEY_CFBundleDisplayName = "BE HEALTHY";
				IPHONEOS_DEPLOYMENT_TARGET = 15.0;
				MTL_ENABLE_DEBUG_INFO = INCLUDE_SOURCE;
				MTL_FAST_MATH = YES;
				ONLY_ACTIVE_ARCH = YES;
				SDKROOT = iphoneos;
				SWIFT_ACTIVE_COMPILATION_CONDITIONS = DEBUG;
				SWIFT_OPTIMIZATION_LEVEL = "-Onone";
			};
			name = Debug;
		};
		B727D55A28B70A8600773A12 /* Release */ = {
			isa = XCBuildConfiguration;
			buildSettings = {
				ALWAYS_SEARCH_USER_PATHS = NO;
				CLANG_ANALYZER_NONNULL = YES;
				CLANG_ANALYZER_NUMBER_OBJECT_CONVERSION = YES_AGGRESSIVE;
				CLANG_CXX_LANGUAGE_STANDARD = "gnu++17";
				CLANG_ENABLE_MODULES = YES;
				CLANG_ENABLE_OBJC_ARC = YES;
				CLANG_ENABLE_OBJC_WEAK = YES;
				CLANG_WARN_BLOCK_CAPTURE_AUTORELEASING = YES;
				CLANG_WARN_BOOL_CONVERSION = YES;
				CLANG_WARN_COMMA = YES;
				CLANG_WARN_CONSTANT_CONVERSION = YES;
				CLANG_WARN_DEPRECATED_OBJC_IMPLEMENTATIONS = YES;
				CLANG_WARN_DIRECT_OBJC_ISA_USAGE = YES_ERROR;
				CLANG_WARN_DOCUMENTATION_COMMENTS = YES;
				CLANG_WARN_EMPTY_BODY = YES;
				CLANG_WARN_ENUM_CONVERSION = YES;
				CLANG_WARN_INFINITE_RECURSION = YES;
				CLANG_WARN_INT_CONVERSION = YES;
				CLANG_WARN_NON_LITERAL_NULL_CONVERSION = YES;
				CLANG_WARN_OBJC_IMPLICIT_RETAIN_SELF = YES;
				CLANG_WARN_OBJC_LITERAL_CONVERSION = YES;
				CLANG_WARN_OBJC_ROOT_CLASS = YES_ERROR;
				CLANG_WARN_QUOTED_INCLUDE_IN_FRAMEWORK_HEADER = YES;
				CLANG_WARN_RANGE_LOOP_ANALYSIS = YES;
				CLANG_WARN_STRICT_PROTOTYPES = YES;
				CLANG_WARN_SUSPICIOUS_MOVE = YES;
				CLANG_WARN_UNGUARDED_AVAILABILITY = YES_AGGRESSIVE;
				CLANG_WARN_UNREACHABLE_CODE = YES;
				CLANG_WARN__DUPLICATE_METHOD_MATCH = YES;
				COPY_PHASE_STRIP = NO;
				DEBUG_INFORMATION_FORMAT = "dwarf-with-dsym";
				ENABLE_NS_ASSERTIONS = NO;
				ENABLE_STRICT_OBJC_MSGSEND = YES;
				GCC_C_LANGUAGE_STANDARD = gnu11;
				GCC_NO_COMMON_BLOCKS = YES;
				GCC_WARN_64_TO_32_BIT_CONVERSION = YES;
				GCC_WARN_ABOUT_RETURN_TYPE = YES_ERROR;
				GCC_WARN_UNDECLARED_SELECTOR = YES;
				GCC_WARN_UNINITIALIZED_AUTOS = YES_AGGRESSIVE;
				GCC_WARN_UNUSED_FUNCTION = YES;
				GCC_WARN_UNUSED_VARIABLE = YES;
				INFOPLIST_KEY_CFBundleDisplayName = "BE HEALTHY";
				IPHONEOS_DEPLOYMENT_TARGET = 15.0;
				MTL_ENABLE_DEBUG_INFO = NO;
				MTL_FAST_MATH = YES;
				SDKROOT = iphoneos;
				SWIFT_COMPILATION_MODE = wholemodule;
				SWIFT_OPTIMIZATION_LEVEL = "-O";
				VALIDATE_PRODUCT = YES;
			};
			name = Release;
		};
		B727D55C28B70A8600773A12 /* Debug */ = {
			isa = XCBuildConfiguration;
			buildSettings = {
				ASSETCATALOG_COMPILER_APPICON_NAME = AppIcon;
				ASSETCATALOG_COMPILER_GLOBAL_ACCENT_COLOR_NAME = AccentColor;
				CODE_SIGN_IDENTITY = "Apple Development";
				CODE_SIGN_STYLE = Automatic;
				CURRENT_PROJECT_VERSION = 1;
				DEVELOPMENT_TEAM = 5U63B95JW2;
				GENERATE_INFOPLIST_FILE = YES;
				INFOPLIST_FILE = "Be-Healthy/Info.plist";
				INFOPLIST_KEY_CFBundleDisplayName = "BE HEALTHY";
				INFOPLIST_KEY_UIApplicationSupportsIndirectInputEvents = YES;
				INFOPLIST_KEY_UILaunchStoryboardName = LaunchScreen;
				INFOPLIST_KEY_UISupportedInterfaceOrientations_iPad = UIInterfaceOrientationPortrait;
				INFOPLIST_KEY_UISupportedInterfaceOrientations_iPhone = UIInterfaceOrientationPortrait;
				IPHONEOS_DEPLOYMENT_TARGET = 15.0;
				LD_RUNPATH_SEARCH_PATHS = (
					"$(inherited)",
					"@executable_path/Frameworks",
				);
				MARKETING_VERSION = 1.0;
				PRODUCT_BUNDLE_IDENTIFIER = "com.phw.Be-Healthy";
				PRODUCT_NAME = "$(TARGET_NAME)";
				PROVISIONING_PROFILE_SPECIFIER = "";
				SWIFT_EMIT_LOC_STRINGS = YES;
				SWIFT_VERSION = 5.0;
				TARGETED_DEVICE_FAMILY = 1;
			};
			name = Debug;
		};
		B727D55D28B70A8600773A12 /* Release */ = {
			isa = XCBuildConfiguration;
			buildSettings = {
				ASSETCATALOG_COMPILER_APPICON_NAME = AppIcon;
				ASSETCATALOG_COMPILER_GLOBAL_ACCENT_COLOR_NAME = AccentColor;
				CODE_SIGN_IDENTITY = "Apple Development";
				CODE_SIGN_STYLE = Automatic;
				CURRENT_PROJECT_VERSION = 1;
				DEVELOPMENT_TEAM = 5U63B95JW2;
				GENERATE_INFOPLIST_FILE = YES;
				INFOPLIST_FILE = "Be-Healthy/Info.plist";
				INFOPLIST_KEY_CFBundleDisplayName = "BE HEALTHY";
				INFOPLIST_KEY_UIApplicationSupportsIndirectInputEvents = YES;
				INFOPLIST_KEY_UILaunchStoryboardName = LaunchScreen;
				INFOPLIST_KEY_UISupportedInterfaceOrientations_iPad = UIInterfaceOrientationPortrait;
				INFOPLIST_KEY_UISupportedInterfaceOrientations_iPhone = UIInterfaceOrientationPortrait;
				IPHONEOS_DEPLOYMENT_TARGET = 15.0;
				LD_RUNPATH_SEARCH_PATHS = (
					"$(inherited)",
					"@executable_path/Frameworks",
				);
				MARKETING_VERSION = 1.0;
				PRODUCT_BUNDLE_IDENTIFIER = "com.phw.Be-Healthy";
				PRODUCT_NAME = "$(TARGET_NAME)";
				PROVISIONING_PROFILE_SPECIFIER = "";
				SWIFT_EMIT_LOC_STRINGS = YES;
				SWIFT_VERSION = 5.0;
				TARGETED_DEVICE_FAMILY = 1;
			};
			name = Release;
		};
		B727D55F28B70A8600773A12 /* Debug */ = {
			isa = XCBuildConfiguration;
			buildSettings = {
				ALWAYS_EMBED_SWIFT_STANDARD_LIBRARIES = YES;
				BUNDLE_LOADER = "$(TEST_HOST)";
				CODE_SIGN_STYLE = Automatic;
				CURRENT_PROJECT_VERSION = 1;
				GENERATE_INFOPLIST_FILE = YES;
				IPHONEOS_DEPLOYMENT_TARGET = 15.5;
				MARKETING_VERSION = 1.0;
				PRODUCT_BUNDLE_IDENTIFIER = "com.phw.Be-HealthyTests";
				PRODUCT_NAME = "$(TARGET_NAME)";
				SWIFT_EMIT_LOC_STRINGS = NO;
				SWIFT_VERSION = 5.0;
				TARGETED_DEVICE_FAMILY = "1,2";
				TEST_HOST = "$(BUILT_PRODUCTS_DIR)/Be-Healthy.app/Be-Healthy";
			};
			name = Debug;
		};
		B727D56028B70A8600773A12 /* Release */ = {
			isa = XCBuildConfiguration;
			buildSettings = {
				ALWAYS_EMBED_SWIFT_STANDARD_LIBRARIES = YES;
				BUNDLE_LOADER = "$(TEST_HOST)";
				CODE_SIGN_STYLE = Automatic;
				CURRENT_PROJECT_VERSION = 1;
				GENERATE_INFOPLIST_FILE = YES;
				IPHONEOS_DEPLOYMENT_TARGET = 15.5;
				MARKETING_VERSION = 1.0;
				PRODUCT_BUNDLE_IDENTIFIER = "com.phw.Be-HealthyTests";
				PRODUCT_NAME = "$(TARGET_NAME)";
				SWIFT_EMIT_LOC_STRINGS = NO;
				SWIFT_VERSION = 5.0;
				TARGETED_DEVICE_FAMILY = "1,2";
				TEST_HOST = "$(BUILT_PRODUCTS_DIR)/Be-Healthy.app/Be-Healthy";
			};
			name = Release;
		};
		B727D56228B70A8600773A12 /* Debug */ = {
			isa = XCBuildConfiguration;
			buildSettings = {
				ALWAYS_EMBED_SWIFT_STANDARD_LIBRARIES = YES;
				CODE_SIGN_STYLE = Automatic;
				CURRENT_PROJECT_VERSION = 1;
				GENERATE_INFOPLIST_FILE = YES;
				MARKETING_VERSION = 1.0;
				PRODUCT_BUNDLE_IDENTIFIER = "com.phw.Be-HealthyUITests";
				PRODUCT_NAME = "$(TARGET_NAME)";
				SWIFT_EMIT_LOC_STRINGS = NO;
				SWIFT_VERSION = 5.0;
				TARGETED_DEVICE_FAMILY = "1,2";
				TEST_TARGET_NAME = "Be-Healthy";
			};
			name = Debug;
		};
		B727D56328B70A8600773A12 /* Release */ = {
			isa = XCBuildConfiguration;
			buildSettings = {
				ALWAYS_EMBED_SWIFT_STANDARD_LIBRARIES = YES;
				CODE_SIGN_STYLE = Automatic;
				CURRENT_PROJECT_VERSION = 1;
				GENERATE_INFOPLIST_FILE = YES;
				MARKETING_VERSION = 1.0;
				PRODUCT_BUNDLE_IDENTIFIER = "com.phw.Be-HealthyUITests";
				PRODUCT_NAME = "$(TARGET_NAME)";
				SWIFT_EMIT_LOC_STRINGS = NO;
				SWIFT_VERSION = 5.0;
				TARGETED_DEVICE_FAMILY = "1,2";
				TEST_TARGET_NAME = "Be-Healthy";
			};
			name = Release;
		};
/* End XCBuildConfiguration section */

/* Begin XCConfigurationList section */
		B727D52C28B70A8500773A12 /* Build configuration list for PBXProject "Be-Healthy" */ = {
			isa = XCConfigurationList;
			buildConfigurations = (
				B727D55928B70A8600773A12 /* Debug */,
				B727D55A28B70A8600773A12 /* Release */,
			);
			defaultConfigurationIsVisible = 0;
			defaultConfigurationName = Release;
		};
		B727D55B28B70A8600773A12 /* Build configuration list for PBXNativeTarget "Be-Healthy" */ = {
			isa = XCConfigurationList;
			buildConfigurations = (
				B727D55C28B70A8600773A12 /* Debug */,
				B727D55D28B70A8600773A12 /* Release */,
			);
			defaultConfigurationIsVisible = 0;
			defaultConfigurationName = Release;
		};
		B727D55E28B70A8600773A12 /* Build configuration list for PBXNativeTarget "Be-HealthyTests" */ = {
			isa = XCConfigurationList;
			buildConfigurations = (
				B727D55F28B70A8600773A12 /* Debug */,
				B727D56028B70A8600773A12 /* Release */,
			);
			defaultConfigurationIsVisible = 0;
			defaultConfigurationName = Release;
		};
		B727D56128B70A8600773A12 /* Build configuration list for PBXNativeTarget "Be-HealthyUITests" */ = {
			isa = XCConfigurationList;
			buildConfigurations = (
				B727D56228B70A8600773A12 /* Debug */,
				B727D56328B70A8600773A12 /* Release */,
			);
			defaultConfigurationIsVisible = 0;
			defaultConfigurationName = Release;
		};
/* End XCConfigurationList section */

/* Begin XCRemoteSwiftPackageReference section */
		B727D57028B74EBE00773A12 /* XCRemoteSwiftPackageReference "SnapKit" */ = {
			isa = XCRemoteSwiftPackageReference;
			repositoryURL = "https://github.com/SnapKit/SnapKit";
			requirement = {
				branch = develop;
				kind = branch;
			};
		};
		B727D57328B74EC900773A12 /* XCRemoteSwiftPackageReference "Then" */ = {
			isa = XCRemoteSwiftPackageReference;
			repositoryURL = "https://github.com/devxoul/Then";
			requirement = {
				kind = upToNextMajorVersion;
				minimumVersion = 3.0.0;
			};
		};
		B7B2E05128CF594800BD3E09 /* XCRemoteSwiftPackageReference "FSCalendar" */ = {
			isa = XCRemoteSwiftPackageReference;
			repositoryURL = "https://github.com/WenchaoD/FSCalendar";
			requirement = {
				kind = upToNextMajorVersion;
				minimumVersion = 2.0.0;
			};
		};
		B7C17A1C28E730AE0056F8F9 /* XCRemoteSwiftPackageReference "Charts" */ = {
			isa = XCRemoteSwiftPackageReference;
			repositoryURL = "https://github.com/danielgindi/Charts";
			requirement = {
				kind = upToNextMajorVersion;
				minimumVersion = 4.0.0;
			};
		};
/* End XCRemoteSwiftPackageReference section */

/* Begin XCSwiftPackageProductDependency section */
		B727D57128B74EBE00773A12 /* SnapKit */ = {
			isa = XCSwiftPackageProductDependency;
			package = B727D57028B74EBE00773A12 /* XCRemoteSwiftPackageReference "SnapKit" */;
			productName = SnapKit;
		};
		B727D57428B74EC900773A12 /* Then */ = {
			isa = XCSwiftPackageProductDependency;
			package = B727D57328B74EC900773A12 /* XCRemoteSwiftPackageReference "Then" */;
			productName = Then;
		};
		B7B2E05228CF594800BD3E09 /* FSCalendar */ = {
			isa = XCSwiftPackageProductDependency;
			package = B7B2E05128CF594800BD3E09 /* XCRemoteSwiftPackageReference "FSCalendar" */;
			productName = FSCalendar;
		};
		B7C17A1D28E730AE0056F8F9 /* Charts */ = {
			isa = XCSwiftPackageProductDependency;
			package = B7C17A1C28E730AE0056F8F9 /* XCRemoteSwiftPackageReference "Charts" */;
			productName = Charts;
		};
/* End XCSwiftPackageProductDependency section */
	};
	rootObject = B727D52928B70A8500773A12 /* Project object */;
}
